// !$*UTF8*$!
{
	archiveVersion = 1;
	classes = {
	};
	objectVersion = 46;
	objects = {

/* Begin PBXBuildFile section */
		8ACFD66F1F44B72E008DF502 /* AppDelegate.swift in Sources */ = {isa = PBXBuildFile; fileRef = 8ACFD66E1F44B72E008DF502 /* AppDelegate.swift */; };
		8ACFD6711F44B72E008DF502 /* ViewController.swift in Sources */ = {isa = PBXBuildFile; fileRef = 8ACFD6701F44B72E008DF502 /* ViewController.swift */; };
		8ACFD6741F44B72E008DF502 /* Main.storyboard in Resources */ = {isa = PBXBuildFile; fileRef = 8ACFD6721F44B72E008DF502 /* Main.storyboard */; };
		8ACFD6761F44B72E008DF502 /* Assets.xcassets in Resources */ = {isa = PBXBuildFile; fileRef = 8ACFD6751F44B72E008DF502 /* Assets.xcassets */; };
		8ACFD6791F44B72E008DF502 /* LaunchScreen.storyboard in Resources */ = {isa = PBXBuildFile; fileRef = 8ACFD6771F44B72E008DF502 /* LaunchScreen.storyboard */; };
		8ACFD6841F44B72E008DF502 /* FinalChallengeTests.swift in Sources */ = {isa = PBXBuildFile; fileRef = 8ACFD6831F44B72E008DF502 /* FinalChallengeTests.swift */; };
		8ACFD68F1F44B72E008DF502 /* FinalChallengeUITests.swift in Sources */ = {isa = PBXBuildFile; fileRef = 8ACFD68E1F44B72E008DF502 /* FinalChallengeUITests.swift */; };
/* End PBXBuildFile section */

/* Begin PBXContainerItemProxy section */
		8ACFD6801F44B72E008DF502 /* PBXContainerItemProxy */ = {
			isa = PBXContainerItemProxy;
			containerPortal = 8ACFD6631F44B72E008DF502 /* Project object */;
			proxyType = 1;
			remoteGlobalIDString = 8ACFD66A1F44B72E008DF502;
			remoteInfo = FinalChallenge;
		};
		8ACFD68B1F44B72E008DF502 /* PBXContainerItemProxy */ = {
			isa = PBXContainerItemProxy;
			containerPortal = 8ACFD6631F44B72E008DF502 /* Project object */;
			proxyType = 1;
			remoteGlobalIDString = 8ACFD66A1F44B72E008DF502;
			remoteInfo = FinalChallenge;
		};
/* End PBXContainerItemProxy section */

/* Begin PBXFileReference section */
		8ACFD66B1F44B72E008DF502 /* FinalChallenge.app */ = {isa = PBXFileReference; explicitFileType = wrapper.application; includeInIndex = 0; path = FinalChallenge.app; sourceTree = BUILT_PRODUCTS_DIR; };
		8ACFD66E1F44B72E008DF502 /* AppDelegate.swift */ = {isa = PBXFileReference; lastKnownFileType = sourcecode.swift; path = AppDelegate.swift; sourceTree = "<group>"; };
		8ACFD6701F44B72E008DF502 /* ViewController.swift */ = {isa = PBXFileReference; lastKnownFileType = sourcecode.swift; path = ViewController.swift; sourceTree = "<group>"; };
		8ACFD6731F44B72E008DF502 /* Base */ = {isa = PBXFileReference; lastKnownFileType = file.storyboard; name = Base; path = Base.lproj/Main.storyboard; sourceTree = "<group>"; };
		8ACFD6751F44B72E008DF502 /* Assets.xcassets */ = {isa = PBXFileReference; lastKnownFileType = folder.assetcatalog; path = Assets.xcassets; sourceTree = "<group>"; };
		8ACFD6781F44B72E008DF502 /* Base */ = {isa = PBXFileReference; lastKnownFileType = file.storyboard; name = Base; path = Base.lproj/LaunchScreen.storyboard; sourceTree = "<group>"; };
		8ACFD67A1F44B72E008DF502 /* Info.plist */ = {isa = PBXFileReference; lastKnownFileType = text.plist.xml; path = Info.plist; sourceTree = "<group>"; };
		8ACFD67F1F44B72E008DF502 /* FinalChallengeTests.xctest */ = {isa = PBXFileReference; explicitFileType = wrapper.cfbundle; includeInIndex = 0; path = FinalChallengeTests.xctest; sourceTree = BUILT_PRODUCTS_DIR; };
		8ACFD6831F44B72E008DF502 /* FinalChallengeTests.swift */ = {isa = PBXFileReference; lastKnownFileType = sourcecode.swift; path = FinalChallengeTests.swift; sourceTree = "<group>"; };
		8ACFD6851F44B72E008DF502 /* Info.plist */ = {isa = PBXFileReference; lastKnownFileType = text.plist.xml; path = Info.plist; sourceTree = "<group>"; };
		8ACFD68A1F44B72E008DF502 /* FinalChallengeUITests.xctest */ = {isa = PBXFileReference; explicitFileType = wrapper.cfbundle; includeInIndex = 0; path = FinalChallengeUITests.xctest; sourceTree = BUILT_PRODUCTS_DIR; };
		8ACFD68E1F44B72E008DF502 /* FinalChallengeUITests.swift */ = {isa = PBXFileReference; lastKnownFileType = sourcecode.swift; path = FinalChallengeUITests.swift; sourceTree = "<group>"; };
		8ACFD6901F44B72E008DF502 /* Info.plist */ = {isa = PBXFileReference; lastKnownFileType = text.plist.xml; path = Info.plist; sourceTree = "<group>"; };
/* End PBXFileReference section */

/* Begin PBXFrameworksBuildPhase section */
		8ACFD6681F44B72E008DF502 /* Frameworks */ = {
			isa = PBXFrameworksBuildPhase;
			buildActionMask = 2147483647;
			files = (
			);
			runOnlyForDeploymentPostprocessing = 0;
		};
		8ACFD67C1F44B72E008DF502 /* Frameworks */ = {
			isa = PBXFrameworksBuildPhase;
			buildActionMask = 2147483647;
			files = (
			);
			runOnlyForDeploymentPostprocessing = 0;
		};
		8ACFD6871F44B72E008DF502 /* Frameworks */ = {
			isa = PBXFrameworksBuildPhase;
			buildActionMask = 2147483647;
			files = (
			);
			runOnlyForDeploymentPostprocessing = 0;
		};
/* End PBXFrameworksBuildPhase section */

/* Begin PBXGroup section */
		8ACFD6621F44B72E008DF502 = {
			isa = PBXGroup;
			children = (
				8ACFD66D1F44B72E008DF502 /* FinalChallenge */,
				8ACFD6821F44B72E008DF502 /* FinalChallengeTests */,
				8ACFD68D1F44B72E008DF502 /* FinalChallengeUITests */,
				8ACFD66C1F44B72E008DF502 /* Products */,
			);
			sourceTree = "<group>";
		};
		8ACFD66C1F44B72E008DF502 /* Products */ = {
			isa = PBXGroup;
			children = (
				8ACFD66B1F44B72E008DF502 /* FinalChallenge.app */,
				8ACFD67F1F44B72E008DF502 /* FinalChallengeTests.xctest */,
				8ACFD68A1F44B72E008DF502 /* FinalChallengeUITests.xctest */,
			);
			name = Products;
			sourceTree = "<group>";
		};
		8ACFD66D1F44B72E008DF502 /* FinalChallenge */ = {
			isa = PBXGroup;
			children = (
				8ACFD66E1F44B72E008DF502 /* AppDelegate.swift */,
				8ACFD6701F44B72E008DF502 /* ViewController.swift */,
				8ACFD6721F44B72E008DF502 /* Main.storyboard */,
				8ACFD6751F44B72E008DF502 /* Assets.xcassets */,
				8ACFD6771F44B72E008DF502 /* LaunchScreen.storyboard */,
				8ACFD67A1F44B72E008DF502 /* Info.plist */,
			);
			path = FinalChallenge;
			sourceTree = "<group>";
		};
		8ACFD6821F44B72E008DF502 /* FinalChallengeTests */ = {
			isa = PBXGroup;
			children = (
				8ACFD6831F44B72E008DF502 /* FinalChallengeTests.swift */,
				8ACFD6851F44B72E008DF502 /* Info.plist */,
			);
			path = FinalChallengeTests;
			sourceTree = "<group>";
		};
		8ACFD68D1F44B72E008DF502 /* FinalChallengeUITests */ = {
			isa = PBXGroup;
			children = (
				8ACFD68E1F44B72E008DF502 /* FinalChallengeUITests.swift */,
				8ACFD6901F44B72E008DF502 /* Info.plist */,
			);
			path = FinalChallengeUITests;
			sourceTree = "<group>";
		};
/* End PBXGroup section */

/* Begin PBXNativeTarget section */
		8ACFD66A1F44B72E008DF502 /* FinalChallenge */ = {
			isa = PBXNativeTarget;
			buildConfigurationList = 8ACFD6931F44B72E008DF502 /* Build configuration list for PBXNativeTarget "FinalChallenge" */;
			buildPhases = (
				8ACFD6671F44B72E008DF502 /* Sources */,
				8ACFD6681F44B72E008DF502 /* Frameworks */,
				8ACFD6691F44B72E008DF502 /* Resources */,
			);
			buildRules = (
			);
			dependencies = (
			);
			name = FinalChallenge;
			productName = FinalChallenge;
			productReference = 8ACFD66B1F44B72E008DF502 /* FinalChallenge.app */;
			productType = "com.apple.product-type.application";
		};
		8ACFD67E1F44B72E008DF502 /* FinalChallengeTests */ = {
			isa = PBXNativeTarget;
			buildConfigurationList = 8ACFD6961F44B72E008DF502 /* Build configuration list for PBXNativeTarget "FinalChallengeTests" */;
			buildPhases = (
				8ACFD67B1F44B72E008DF502 /* Sources */,
				8ACFD67C1F44B72E008DF502 /* Frameworks */,
				8ACFD67D1F44B72E008DF502 /* Resources */,
			);
			buildRules = (
			);
			dependencies = (
				8ACFD6811F44B72E008DF502 /* PBXTargetDependency */,
			);
			name = FinalChallengeTests;
			productName = FinalChallengeTests;
			productReference = 8ACFD67F1F44B72E008DF502 /* FinalChallengeTests.xctest */;
			productType = "com.apple.product-type.bundle.unit-test";
		};
		8ACFD6891F44B72E008DF502 /* FinalChallengeUITests */ = {
			isa = PBXNativeTarget;
			buildConfigurationList = 8ACFD6991F44B72E008DF502 /* Build configuration list for PBXNativeTarget "FinalChallengeUITests" */;
			buildPhases = (
				8ACFD6861F44B72E008DF502 /* Sources */,
				8ACFD6871F44B72E008DF502 /* Frameworks */,
				8ACFD6881F44B72E008DF502 /* Resources */,
			);
			buildRules = (
			);
			dependencies = (
				8ACFD68C1F44B72E008DF502 /* PBXTargetDependency */,
			);
			name = FinalChallengeUITests;
			productName = FinalChallengeUITests;
			productReference = 8ACFD68A1F44B72E008DF502 /* FinalChallengeUITests.xctest */;
			productType = "com.apple.product-type.bundle.ui-testing";
		};
/* End PBXNativeTarget section */

/* Begin PBXProject section */
		8ACFD6631F44B72E008DF502 /* Project object */ = {
			isa = PBXProject;
			attributes = {
				LastSwiftUpdateCheck = 0830;
				LastUpgradeCheck = 0830;
				ORGANIZATIONNAME = "Andre Machado Parente";
				TargetAttributes = {
					8ACFD66A1F44B72E008DF502 = {
						CreatedOnToolsVersion = 8.3.3;
						DevelopmentTeam = C5676RKFWG;
						ProvisioningStyle = Automatic;
					};
					8ACFD67E1F44B72E008DF502 = {
						CreatedOnToolsVersion = 8.3.3;
						DevelopmentTeam = C5676RKFWG;
						ProvisioningStyle = Automatic;
						TestTargetID = 8ACFD66A1F44B72E008DF502;
					};
					8ACFD6891F44B72E008DF502 = {
						CreatedOnToolsVersion = 8.3.3;
						DevelopmentTeam = C5676RKFWG;
						ProvisioningStyle = Automatic;
						TestTargetID = 8ACFD66A1F44B72E008DF502;
					};
				};
			};
			buildConfigurationList = 8ACFD6661F44B72E008DF502 /* Build configuration list for PBXProject "FinalChallenge" */;
			compatibilityVersion = "Xcode 3.2";
			developmentRegion = English;
			hasScannedForEncodings = 0;
			knownRegions = (
				en,
				Base,
			);
			mainGroup = 8ACFD6621F44B72E008DF502;
			productRefGroup = 8ACFD66C1F44B72E008DF502 /* Products */;
			projectDirPath = "";
			projectRoot = "";
			targets = (
				8ACFD66A1F44B72E008DF502 /* FinalChallenge */,
				8ACFD67E1F44B72E008DF502 /* FinalChallengeTests */,
				8ACFD6891F44B72E008DF502 /* FinalChallengeUITests */,
			);
		};
/* End PBXProject section */

/* Begin PBXResourcesBuildPhase section */
		8ACFD6691F44B72E008DF502 /* Resources */ = {
			isa = PBXResourcesBuildPhase;
			buildActionMask = 2147483647;
			files = (
				8ACFD6791F44B72E008DF502 /* LaunchScreen.storyboard in Resources */,
				8ACFD6761F44B72E008DF502 /* Assets.xcassets in Resources */,
				8ACFD6741F44B72E008DF502 /* Main.storyboard in Resources */,
			);
			runOnlyForDeploymentPostprocessing = 0;
		};
		8ACFD67D1F44B72E008DF502 /* Resources */ = {
			isa = PBXResourcesBuildPhase;
			buildActionMask = 2147483647;
			files = (
			);
			runOnlyForDeploymentPostprocessing = 0;
		};
		8ACFD6881F44B72E008DF502 /* Resources */ = {
			isa = PBXResourcesBuildPhase;
			buildActionMask = 2147483647;
			files = (
			);
			runOnlyForDeploymentPostprocessing = 0;
		};
/* End PBXResourcesBuildPhase section */

/* Begin PBXSourcesBuildPhase section */
		8ACFD6671F44B72E008DF502 /* Sources */ = {
			isa = PBXSourcesBuildPhase;
			buildActionMask = 2147483647;
			files = (
				8ACFD6711F44B72E008DF502 /* ViewController.swift in Sources */,
				8ACFD66F1F44B72E008DF502 /* AppDelegate.swift in Sources */,
			);
			runOnlyForDeploymentPostprocessing = 0;
		};
		8ACFD67B1F44B72E008DF502 /* Sources */ = {
			isa = PBXSourcesBuildPhase;
			buildActionMask = 2147483647;
			files = (
				8ACFD6841F44B72E008DF502 /* FinalChallengeTests.swift in Sources */,
			);
			runOnlyForDeploymentPostprocessing = 0;
		};
		8ACFD6861F44B72E008DF502 /* Sources */ = {
			isa = PBXSourcesBuildPhase;
			buildActionMask = 2147483647;
			files = (
				8ACFD68F1F44B72E008DF502 /* FinalChallengeUITests.swift in Sources */,
			);
			runOnlyForDeploymentPostprocessing = 0;
		};
/* End PBXSourcesBuildPhase section */

/* Begin PBXTargetDependency section */
		8ACFD6811F44B72E008DF502 /* PBXTargetDependency */ = {
			isa = PBXTargetDependency;
			target = 8ACFD66A1F44B72E008DF502 /* FinalChallenge */;
			targetProxy = 8ACFD6801F44B72E008DF502 /* PBXContainerItemProxy */;
		};
		8ACFD68C1F44B72E008DF502 /* PBXTargetDependency */ = {
			isa = PBXTargetDependency;
			target = 8ACFD66A1F44B72E008DF502 /* FinalChallenge */;
			targetProxy = 8ACFD68B1F44B72E008DF502 /* PBXContainerItemProxy */;
		};
/* End PBXTargetDependency section */

/* Begin PBXVariantGroup section */
		8ACFD6721F44B72E008DF502 /* Main.storyboard */ = {
			isa = PBXVariantGroup;
			children = (
				8ACFD6731F44B72E008DF502 /* Base */,
			);
			name = Main.storyboard;
			sourceTree = "<group>";
		};
		8ACFD6771F44B72E008DF502 /* LaunchScreen.storyboard */ = {
			isa = PBXVariantGroup;
			children = (
				8ACFD6781F44B72E008DF502 /* Base */,
			);
			name = LaunchScreen.storyboard;
			sourceTree = "<group>";
		};
/* End PBXVariantGroup section */

/* Begin XCBuildConfiguration section */
		8ACFD6911F44B72E008DF502 /* Debug */ = {
			isa = XCBuildConfiguration;
			buildSettings = {
				ALWAYS_SEARCH_USER_PATHS = NO;
				CLANG_ANALYZER_NONNULL = YES;
				CLANG_ANALYZER_NUMBER_OBJECT_CONVERSION = YES_AGGRESSIVE;
				CLANG_CXX_LANGUAGE_STANDARD = "gnu++0x";
				CLANG_CXX_LIBRARY = "libc++";
				CLANG_ENABLE_MODULES = YES;
				CLANG_ENABLE_OBJC_ARC = YES;
				CLANG_WARN_BOOL_CONVERSION = YES;
				CLANG_WARN_CONSTANT_CONVERSION = YES;
				CLANG_WARN_DIRECT_OBJC_ISA_USAGE = YES_ERROR;
				CLANG_WARN_DOCUMENTATION_COMMENTS = YES;
				CLANG_WARN_EMPTY_BODY = YES;
				CLANG_WARN_ENUM_CONVERSION = YES;
				CLANG_WARN_INFINITE_RECURSION = YES;
				CLANG_WARN_INT_CONVERSION = YES;
				CLANG_WARN_OBJC_ROOT_CLASS = YES_ERROR;
				CLANG_WARN_SUSPICIOUS_MOVE = YES;
				CLANG_WARN_UNREACHABLE_CODE = YES;
				CLANG_WARN__DUPLICATE_METHOD_MATCH = YES;
				"CODE_SIGN_IDENTITY[sdk=iphoneos*]" = "iPhone Developer";
				COPY_PHASE_STRIP = NO;
				DEBUG_INFORMATION_FORMAT = dwarf;
				ENABLE_STRICT_OBJC_MSGSEND = YES;
				ENABLE_TESTABILITY = YES;
				GCC_C_LANGUAGE_STANDARD = gnu99;
				GCC_DYNAMIC_NO_PIC = NO;
				GCC_NO_COMMON_BLOCKS = YES;
				GCC_OPTIMIZATION_LEVEL = 0;
				GCC_PREPROCESSOR_DEFINITIONS = (
					"DEBUG=1",
					"$(inherited)",
				);
				GCC_WARN_64_TO_32_BIT_CONVERSION = YES;
				GCC_WARN_ABOUT_RETURN_TYPE = YES_ERROR;
				GCC_WARN_UNDECLARED_SELECTOR = YES;
				GCC_WARN_UNINITIALIZED_AUTOS = YES_AGGRESSIVE;
				GCC_WARN_UNUSED_FUNCTION = YES;
				GCC_WARN_UNUSED_VARIABLE = YES;
				IPHONEOS_DEPLOYMENT_TARGET = 10.3;
				MTL_ENABLE_DEBUG_INFO = YES;
				ONLY_ACTIVE_ARCH = YES;
				SDKROOT = iphoneos;
				SWIFT_ACTIVE_COMPILATION_CONDITIONS = DEBUG;
				SWIFT_OPTIMIZATION_LEVEL = "-Onone";
			};
			name = Debug;
		};
		8ACFD6921F44B72E008DF502 /* Release */ = {
			isa = XCBuildConfiguration;
			buildSettings = {
				ALWAYS_SEARCH_USER_PATHS = NO;
				CLANG_ANALYZER_NONNULL = YES;
				CLANG_ANALYZER_NUMBER_OBJECT_CONVERSION = YES_AGGRESSIVE;
				CLANG_CXX_LANGUAGE_STANDARD = "gnu++0x";
				CLANG_CXX_LIBRARY = "libc++";
				CLANG_ENABLE_MODULES = YES;
				CLANG_ENABLE_OBJC_ARC = YES;
				CLANG_WARN_BOOL_CONVERSION = YES;
				CLANG_WARN_CONSTANT_CONVERSION = YES;
				CLANG_WARN_DIRECT_OBJC_ISA_USAGE = YES_ERROR;
				CLANG_WARN_DOCUMENTATION_COMMENTS = YES;
				CLANG_WARN_EMPTY_BODY = YES;
				CLANG_WARN_ENUM_CONVERSION = YES;
				CLANG_WARN_INFINITE_RECURSION = YES;
				CLANG_WARN_INT_CONVERSION = YES;
				CLANG_WARN_OBJC_ROOT_CLASS = YES_ERROR;
				CLANG_WARN_SUSPICIOUS_MOVE = YES;
				CLANG_WARN_UNREACHABLE_CODE = YES;
				CLANG_WARN__DUPLICATE_METHOD_MATCH = YES;
				"CODE_SIGN_IDENTITY[sdk=iphoneos*]" = "iPhone Developer";
				COPY_PHASE_STRIP = NO;
				DEBUG_INFORMATION_FORMAT = "dwarf-with-dsym";
				ENABLE_NS_ASSERTIONS = NO;
				ENABLE_STRICT_OBJC_MSGSEND = YES;
				GCC_C_LANGUAGE_STANDARD = gnu99;
				GCC_NO_COMMON_BLOCKS = YES;
				GCC_WARN_64_TO_32_BIT_CONVERSION = YES;
				GCC_WARN_ABOUT_RETURN_TYPE = YES_ERROR;
				GCC_WARN_UNDECLARED_SELECTOR = YES;
				GCC_WARN_UNINITIALIZED_AUTOS = YES_AGGRESSIVE;
				GCC_WARN_UNUSED_FUNCTION = YES;
				GCC_WARN_UNUSED_VARIABLE = YES;
				IPHONEOS_DEPLOYMENT_TARGET = 10.3;
				MTL_ENABLE_DEBUG_INFO = NO;
				SDKROOT = iphoneos;
				SWIFT_OPTIMIZATION_LEVEL = "-Owholemodule";
				VALIDATE_PRODUCT = YES;
			};
			name = Release;
		};
		8ACFD6941F44B72E008DF502 /* Debug */ = {
			isa = XCBuildConfiguration;
			buildSettings = {
				ASSETCATALOG_COMPILER_APPICON_NAME = AppIcon;
				DEVELOPMENT_TEAM = C5676RKFWG;
				INFOPLIST_FILE = FinalChallenge/Info.plist;
				LD_RUNPATH_SEARCH_PATHS = "$(inherited) @executable_path/Frameworks";
				PRODUCT_BUNDLE_IDENTIFIER = com.andremachadoparente.FinalChallenge;
				PRODUCT_NAME = "$(TARGET_NAME)";
				SWIFT_VERSION = 3.0;
			};
			name = Debug;
		};
		8ACFD6951F44B72E008DF502 /* Release */ = {
			isa = XCBuildConfiguration;
			buildSettings = {
				ASSETCATALOG_COMPILER_APPICON_NAME = AppIcon;
				DEVELOPMENT_TEAM = C5676RKFWG;
				INFOPLIST_FILE = FinalChallenge/Info.plist;
				LD_RUNPATH_SEARCH_PATHS = "$(inherited) @executable_path/Frameworks";
				PRODUCT_BUNDLE_IDENTIFIER = com.andremachadoparente.FinalChallenge;
				PRODUCT_NAME = "$(TARGET_NAME)";
				SWIFT_VERSION = 3.0;
			};
			name = Release;
		};
		8ACFD6971F44B72E008DF502 /* Debug */ = {
			isa = XCBuildConfiguration;
			buildSettings = {
				ALWAYS_EMBED_SWIFT_STANDARD_LIBRARIES = YES;
				BUNDLE_LOADER = "$(TEST_HOST)";
				DEVELOPMENT_TEAM = C5676RKFWG;
				INFOPLIST_FILE = FinalChallengeTests/Info.plist;
				LD_RUNPATH_SEARCH_PATHS = "$(inherited) @executable_path/Frameworks @loader_path/Frameworks";
				PRODUCT_BUNDLE_IDENTIFIER = com.andremachadoparente.FinalChallengeTests;
				PRODUCT_NAME = "$(TARGET_NAME)";
				SWIFT_VERSION = 3.0;
				TEST_HOST = "$(BUILT_PRODUCTS_DIR)/FinalChallenge.app/FinalChallenge";
			};
			name = Debug;
		};
		8ACFD6981F44B72E008DF502 /* Release */ = {
			isa = XCBuildConfiguration;
			buildSettings = {
				ALWAYS_EMBED_SWIFT_STANDARD_LIBRARIES = YES;
				BUNDLE_LOADER = "$(TEST_HOST)";
				DEVELOPMENT_TEAM = C5676RKFWG;
				INFOPLIST_FILE = FinalChallengeTests/Info.plist;
				LD_RUNPATH_SEARCH_PATHS = "$(inherited) @executable_path/Frameworks @loader_path/Frameworks";
				PRODUCT_BUNDLE_IDENTIFIER = com.andremachadoparente.FinalChallengeTests;
				PRODUCT_NAME = "$(TARGET_NAME)";
				SWIFT_VERSION = 3.0;
				TEST_HOST = "$(BUILT_PRODUCTS_DIR)/FinalChallenge.app/FinalChallenge";
			};
			name = Release;
		};
		8ACFD69A1F44B72E008DF502 /* Debug */ = {
			isa = XCBuildConfiguration;
			buildSettings = {
				ALWAYS_EMBED_SWIFT_STANDARD_LIBRARIES = YES;
				DEVELOPMENT_TEAM = C5676RKFWG;
				INFOPLIST_FILE = FinalChallengeUITests/Info.plist;
				LD_RUNPATH_SEARCH_PATHS = "$(inherited) @executable_path/Frameworks @loader_path/Frameworks";
				PRODUCT_BUNDLE_IDENTIFIER = com.andremachadoparente.FinalChallengeUITests;
				PRODUCT_NAME = "$(TARGET_NAME)";
				SWIFT_VERSION = 3.0;
				TEST_TARGET_NAME = FinalChallenge;
			};
			name = Debug;
		};
		8ACFD69B1F44B72E008DF502 /* Release */ = {
			isa = XCBuildConfiguration;
			buildSettings = {
				ALWAYS_EMBED_SWIFT_STANDARD_LIBRARIES = YES;
				DEVELOPMENT_TEAM = C5676RKFWG;
				INFOPLIST_FILE = FinalChallengeUITests/Info.plist;
				LD_RUNPATH_SEARCH_PATHS = "$(inherited) @executable_path/Frameworks @loader_path/Frameworks";
				PRODUCT_BUNDLE_IDENTIFIER = com.andremachadoparente.FinalChallengeUITests;
				PRODUCT_NAME = "$(TARGET_NAME)";
				SWIFT_VERSION = 3.0;
				TEST_TARGET_NAME = FinalChallenge;
			};
			name = Release;
		};
/* End XCBuildConfiguration section */

/* Begin XCConfigurationList section */
		8ACFD6661F44B72E008DF502 /* Build configuration list for PBXProject "FinalChallenge" */ = {
			isa = XCConfigurationList;
			buildConfigurations = (
				8ACFD6911F44B72E008DF502 /* Debug */,
				8ACFD6921F44B72E008DF502 /* Release */,
			);
			defaultConfigurationIsVisible = 0;
			defaultConfigurationName = Release;
		};
		8ACFD6931F44B72E008DF502 /* Build configuration list for PBXNativeTarget "FinalChallenge" */ = {
			isa = XCConfigurationList;
			buildConfigurations = (
				8ACFD6941F44B72E008DF502 /* Debug */,
				8ACFD6951F44B72E008DF502 /* Release */,
			);
			defaultConfigurationIsVisible = 0;
		};
		8ACFD6961F44B72E008DF502 /* Build configuration list for PBXNativeTarget "FinalChallengeTests" */ = {
			isa = XCConfigurationList;
			buildConfigurations = (
				8ACFD6971F44B72E008DF502 /* Debug */,
				8ACFD6981F44B72E008DF502 /* Release */,
			);
			defaultConfigurationIsVisible = 0;
		};
		8ACFD6991F44B72E008DF502 /* Build configuration list for PBXNativeTarget "FinalChallengeUITests" */ = {
			isa = XCConfigurationList;
			buildConfigurations = (
				8ACFD69A1F44B72E008DF502 /* Debug */,
				8ACFD69B1F44B72E008DF502 /* Release */,
			);
			defaultConfigurationIsVisible = 0;
		};
/* End XCConfigurationList section */
	};
	rootObject = 8ACFD6631F44B72E008DF502 /* Project object */;
}
