// !$*UTF8*$!
{
	archiveVersion = 1;
	classes = {
	};
	objectVersion = 46;
	objects = {

/* Begin PBXBuildFile section */
		0957F9E0242A2DB53493AB05 /* Pods_FinalChallenge.framework in Frameworks */ = {isa = PBXBuildFile; fileRef = 4DD4258FC2A67A37B02384E6 /* Pods_FinalChallenge.framework */; };
		0B227DA9B7468AEB3F7ADD9E /* Pods_FinalChallengeUITests.framework in Frameworks */ = {isa = PBXBuildFile; fileRef = 8800A8A3FAAB580FC797E426 /* Pods_FinalChallengeUITests.framework */; };
		267FF3D21FABD4A800C625CC /* Artist.swift in Sources */ = {isa = PBXBuildFile; fileRef = 267FF3D11FABD4A800C625CC /* Artist.swift */; };
		26C2B96A1F5CD1AB00666E8D /* DatabaseAccess.swift in Sources */ = {isa = PBXBuildFile; fileRef = 26C2B9691F5CD1AB00666E8D /* DatabaseAccess.swift */; };
		44D9554716FE6DDBAB41328E /* Pods_FinalChallengeTests.framework in Frameworks */ = {isa = PBXBuildFile; fileRef = 6B1E00F2C5A0FB1B01A3A7DC /* Pods_FinalChallengeTests.framework */; };
		8A0465961FA10CEE00516AD8 /* AddArtWorkCategoriesCVC.swift in Sources */ = {isa = PBXBuildFile; fileRef = 8A0465941FA10CED00516AD8 /* AddArtWorkCategoriesCVC.swift */; };
		8A0465971FA10CEE00516AD8 /* AddArtWorkCategoriesCVC.xib in Resources */ = {isa = PBXBuildFile; fileRef = 8A0465951FA10CEE00516AD8 /* AddArtWorkCategoriesCVC.xib */; };
		8A04659B1FA10EFB00516AD8 /* PictureCVC.swift in Sources */ = {isa = PBXBuildFile; fileRef = 8A0465991FA10EFB00516AD8 /* PictureCVC.swift */; };
		8A04659C1FA10EFB00516AD8 /* PictureCVC.xib in Resources */ = {isa = PBXBuildFile; fileRef = 8A04659A1FA10EFB00516AD8 /* PictureCVC.xib */; };
		8A1DA3DF1FB5D1F600989BAF /* FavoriteArtsTableViewCell.swift in Sources */ = {isa = PBXBuildFile; fileRef = 8A1DA3DD1FB5D1F600989BAF /* FavoriteArtsTableViewCell.swift */; };
		8A1DA3F41FB5D93100989BAF /* Lato-Black.ttf in Resources */ = {isa = PBXBuildFile; fileRef = 8A1DA3E21FB5D92100989BAF /* Lato-Black.ttf */; };
		8A1DA3F51FB5D93700989BAF /* Lato-BlackItalic.ttf in Resources */ = {isa = PBXBuildFile; fileRef = 8A1DA3E31FB5D92100989BAF /* Lato-BlackItalic.ttf */; };
		8A1DA3F61FB5D93700989BAF /* Lato-Bold.ttf in Resources */ = {isa = PBXBuildFile; fileRef = 8A1DA3E41FB5D92100989BAF /* Lato-Bold.ttf */; };
		8A1DA3F71FB5D93700989BAF /* Lato-BoldItalic.ttf in Resources */ = {isa = PBXBuildFile; fileRef = 8A1DA3E51FB5D92100989BAF /* Lato-BoldItalic.ttf */; };
		8A1DA3F81FB5D93700989BAF /* Lato-Hairline.ttf in Resources */ = {isa = PBXBuildFile; fileRef = 8A1DA3E61FB5D92100989BAF /* Lato-Hairline.ttf */; };
		8A1DA3F91FB5D93700989BAF /* Lato-HairlineItalic.ttf in Resources */ = {isa = PBXBuildFile; fileRef = 8A1DA3E71FB5D92100989BAF /* Lato-HairlineItalic.ttf */; };
		8A1DA3FA1FB5D93700989BAF /* Lato-Heavy.ttf in Resources */ = {isa = PBXBuildFile; fileRef = 8A1DA3E81FB5D92100989BAF /* Lato-Heavy.ttf */; };
		8A1DA3FB1FB5D93700989BAF /* Lato-HeavyItalic.ttf in Resources */ = {isa = PBXBuildFile; fileRef = 8A1DA3E91FB5D92100989BAF /* Lato-HeavyItalic.ttf */; };
		8A1DA3FC1FB5D93700989BAF /* Lato-Italic.ttf in Resources */ = {isa = PBXBuildFile; fileRef = 8A1DA3EA1FB5D92100989BAF /* Lato-Italic.ttf */; };
		8A1DA3FD1FB5D93700989BAF /* Lato-Light.ttf in Resources */ = {isa = PBXBuildFile; fileRef = 8A1DA3EB1FB5D92100989BAF /* Lato-Light.ttf */; };
		8A1DA3FE1FB5D93700989BAF /* Lato-LightItalic.ttf in Resources */ = {isa = PBXBuildFile; fileRef = 8A1DA3EC1FB5D92100989BAF /* Lato-LightItalic.ttf */; };
		8A1DA3FF1FB5D93700989BAF /* Lato-Medium.ttf in Resources */ = {isa = PBXBuildFile; fileRef = 8A1DA3ED1FB5D92100989BAF /* Lato-Medium.ttf */; };
		8A1DA4001FB5D93700989BAF /* Lato-MediumItalic.ttf in Resources */ = {isa = PBXBuildFile; fileRef = 8A1DA3EE1FB5D92100989BAF /* Lato-MediumItalic.ttf */; };
		8A1DA4011FB5D93700989BAF /* Lato-Regular.ttf in Resources */ = {isa = PBXBuildFile; fileRef = 8A1DA3EF1FB5D92100989BAF /* Lato-Regular.ttf */; };
		8A1DA4021FB5D93700989BAF /* Lato-Semibold.ttf in Resources */ = {isa = PBXBuildFile; fileRef = 8A1DA3F01FB5D92100989BAF /* Lato-Semibold.ttf */; };
		8A1DA4031FB5D93700989BAF /* Lato-SemiboldItalic.ttf in Resources */ = {isa = PBXBuildFile; fileRef = 8A1DA3F11FB5D92100989BAF /* Lato-SemiboldItalic.ttf */; };
		8A1DA4041FB5D93700989BAF /* Lato-Thin.ttf in Resources */ = {isa = PBXBuildFile; fileRef = 8A1DA3F21FB5D92100989BAF /* Lato-Thin.ttf */; };
		8A1DA4051FB5D93700989BAF /* Lato-ThinItalic.ttf in Resources */ = {isa = PBXBuildFile; fileRef = 8A1DA3F31FB5D92100989BAF /* Lato-ThinItalic.ttf */; };
		8A1DA4081FB5DDB700989BAF /* CategoryCollectionViewController.swift in Sources */ = {isa = PBXBuildFile; fileRef = 8A1DA4071FB5DDB700989BAF /* CategoryCollectionViewController.swift */; };
		8A1DA40B1FB5DDD900989BAF /* CategoryHeaderCollectionReusableView.swift in Sources */ = {isa = PBXBuildFile; fileRef = 8A1DA4091FB5DDD900989BAF /* CategoryHeaderCollectionReusableView.swift */; };
		8A1DA40C1FB5DDD900989BAF /* CategoryHeaderCollectionReusableView.xib in Resources */ = {isa = PBXBuildFile; fileRef = 8A1DA40A1FB5DDD900989BAF /* CategoryHeaderCollectionReusableView.xib */; };
		8A3DF37E1F7C0DD500A59A05 /* ArtWorkCollectionViewCell.swift in Sources */ = {isa = PBXBuildFile; fileRef = 8A3DF37C1F7C0DD500A59A05 /* ArtWorkCollectionViewCell.swift */; };
		8A3DF37F1F7C0DD500A59A05 /* ArtWorkCollectionViewCell.xib in Resources */ = {isa = PBXBuildFile; fileRef = 8A3DF37D1F7C0DD500A59A05 /* ArtWorkCollectionViewCell.xib */; };
		8A3DF3831F7C112E00A59A05 /* ProfileTableViewCell.swift in Sources */ = {isa = PBXBuildFile; fileRef = 8A3DF3821F7C112E00A59A05 /* ProfileTableViewCell.swift */; };
		8A3DF3851F7E5A1F00A59A05 /* ProfileCollectionViewController.swift in Sources */ = {isa = PBXBuildFile; fileRef = 8A3DF3841F7E5A1F00A59A05 /* ProfileCollectionViewController.swift */; };
		8A3DF3881F7E5D3400A59A05 /* CustomProfileHeaderCollectionReusableView.swift in Sources */ = {isa = PBXBuildFile; fileRef = 8A3DF3861F7E5D3400A59A05 /* CustomProfileHeaderCollectionReusableView.swift */; };
		8A3DF3891F7E5D3400A59A05 /* CustomProfileHeaderCollectionReusableView.xib in Resources */ = {isa = PBXBuildFile; fileRef = 8A3DF3871F7E5D3400A59A05 /* CustomProfileHeaderCollectionReusableView.xib */; };
		8A3DF38C1F7E682200A59A05 /* ProfileCollectionViewCell.swift in Sources */ = {isa = PBXBuildFile; fileRef = 8A3DF38A1F7E682200A59A05 /* ProfileCollectionViewCell.swift */; };
		8A3DF38D1F7E682200A59A05 /* ProfileCollectionViewCell.xib in Resources */ = {isa = PBXBuildFile; fileRef = 8A3DF38B1F7E682200A59A05 /* ProfileCollectionViewCell.xib */; };
		8A3DF3911F87C77C00A59A05 /* AddArtWorkTVC.swift in Sources */ = {isa = PBXBuildFile; fileRef = 8A3DF3901F87C77C00A59A05 /* AddArtWorkTVC.swift */; };
		8A40BC651F54A3C700A12EBA /* Gradients.swift in Sources */ = {isa = PBXBuildFile; fileRef = 8A40BC641F54A3C700A12EBA /* Gradients.swift */; };
		8A40BC671F55945700A12EBA /* LoginViewController.swift in Sources */ = {isa = PBXBuildFile; fileRef = 8A40BC661F55945700A12EBA /* LoginViewController.swift */; };
		8A40BC691F55959C00A12EBA /* Bolts.framework in Frameworks */ = {isa = PBXBuildFile; fileRef = 8A40BC681F55959C00A12EBA /* Bolts.framework */; };
		8A40BC6B1F5595AB00A12EBA /* FBSDKCoreKit.framework in Frameworks */ = {isa = PBXBuildFile; fileRef = 8A40BC6A1F5595AB00A12EBA /* FBSDKCoreKit.framework */; };
		8A40BC6D1F5595B900A12EBA /* FBSDKLoginKit.framework in Frameworks */ = {isa = PBXBuildFile; fileRef = 8A40BC6C1F5595B900A12EBA /* FBSDKLoginKit.framework */; };
		8A40BC6F1F5595C800A12EBA /* FBSDKShareKit.framework in Frameworks */ = {isa = PBXBuildFile; fileRef = 8A40BC6E1F5595C800A12EBA /* FBSDKShareKit.framework */; };
		8A40BC721F55A26100A12EBA /* User.swift in Sources */ = {isa = PBXBuildFile; fileRef = 8A40BC711F55A26100A12EBA /* User.swift */; };
		8A40BC741F55B96D00A12EBA /* HomeTVC.swift in Sources */ = {isa = PBXBuildFile; fileRef = 8A40BC731F55B96D00A12EBA /* HomeTVC.swift */; };
		8A40BC761F55B98A00A12EBA /* ProfileViewController.swift in Sources */ = {isa = PBXBuildFile; fileRef = 8A40BC751F55B98A00A12EBA /* ProfileViewController.swift */; };
		8A40BC781F55B9C700A12EBA /* SearchViewController.swift in Sources */ = {isa = PBXBuildFile; fileRef = 8A40BC771F55B9C700A12EBA /* SearchViewController.swift */; };
		8A40BC7A1F55BA4200A12EBA /* InboxViewController.swift in Sources */ = {isa = PBXBuildFile; fileRef = 8A40BC791F55BA4200A12EBA /* InboxViewController.swift */; };
		8A40BC7D1F55BB8C00A12EBA /* HeaderProfile.xib in Resources */ = {isa = PBXBuildFile; fileRef = 8A40BC7C1F55BB8C00A12EBA /* HeaderProfile.xib */; };
		8A40BC7F1F55BD3400A12EBA /* HeaderProfile.swift in Sources */ = {isa = PBXBuildFile; fileRef = 8A40BC7E1F55BD3400A12EBA /* HeaderProfile.swift */; };
		8A40BC811F55C4D000A12EBA /* MiddleProfile.xib in Resources */ = {isa = PBXBuildFile; fileRef = 8A40BC801F55C4D000A12EBA /* MiddleProfile.xib */; };
		8A40BC831F55C76D00A12EBA /* MiddleProfile.swift in Sources */ = {isa = PBXBuildFile; fileRef = 8A40BC821F55C76D00A12EBA /* MiddleProfile.swift */; };
		8A70BA151F6BF21D00BE9BE7 /* ArtWork.swift in Sources */ = {isa = PBXBuildFile; fileRef = 8A70BA141F6BF21C00BE9BE7 /* ArtWork.swift */; };
		8A9548E71F55E64800FDA06A /* CategoriesTableViewCell.swift in Sources */ = {isa = PBXBuildFile; fileRef = 8A9548E61F55E64800FDA06A /* CategoriesTableViewCell.swift */; };
		8A9548EB1F55EB7500FDA06A /* CategoryCollectionViewCell.swift in Sources */ = {isa = PBXBuildFile; fileRef = 8A9548E91F55EB7500FDA06A /* CategoryCollectionViewCell.swift */; };
		8A9548EC1F55EB7500FDA06A /* CategoryCollectionViewCell.xib in Resources */ = {isa = PBXBuildFile; fileRef = 8A9548EA1F55EB7500FDA06A /* CategoryCollectionViewCell.xib */; };
		8A9548F11F560FA400FDA06A /* Extensions.swift in Sources */ = {isa = PBXBuildFile; fileRef = 8A9548F01F560FA400FDA06A /* Extensions.swift */; };
		8A9548F41F56DECC00FDA06A /* ArtistsTableViewCell.swift in Sources */ = {isa = PBXBuildFile; fileRef = 8A9548F31F56DECC00FDA06A /* ArtistsTableViewCell.swift */; };
		8A9548F91F56DF5F00FDA06A /* ArtistCollectionViewCell.swift in Sources */ = {isa = PBXBuildFile; fileRef = 8A9548F71F56DF5F00FDA06A /* ArtistCollectionViewCell.swift */; };
		8A9548FA1F56DF5F00FDA06A /* ArtistCollectionViewCell.xib in Resources */ = {isa = PBXBuildFile; fileRef = 8A9548F81F56DF5F00FDA06A /* ArtistCollectionViewCell.xib */; };
		8AA615951F8BD46600E54815 /* AddArtWorkTableViewCell.swift in Sources */ = {isa = PBXBuildFile; fileRef = 8AA615931F8BD46600E54815 /* AddArtWorkTableViewCell.swift */; };
		8AA615961F8BD46600E54815 /* AddArtWorkTableViewCell.xib in Resources */ = {isa = PBXBuildFile; fileRef = 8AA615941F8BD46600E54815 /* AddArtWorkTableViewCell.xib */; };
		8AA615981F8BDA7900E54815 /* AddArtWorkHeader.xib in Resources */ = {isa = PBXBuildFile; fileRef = 8AA615971F8BDA7900E54815 /* AddArtWorkHeader.xib */; };
		8AA6159A1F8BDADA00E54815 /* AddArtWorkHeader.swift in Sources */ = {isa = PBXBuildFile; fileRef = 8AA615991F8BDADA00E54815 /* AddArtWorkHeader.swift */; };
		8AB032821FA266BB000CCBC0 /* ArtistsTVC.swift in Sources */ = {isa = PBXBuildFile; fileRef = 8AB032811FA266BB000CCBC0 /* ArtistsTVC.swift */; };
		8AB032861FA26737000CCBC0 /* ArtistTableViewCell.swift in Sources */ = {isa = PBXBuildFile; fileRef = 8AB032841FA26737000CCBC0 /* ArtistTableViewCell.swift */; };
		8AB032871FA26737000CCBC0 /* ArtistTableViewCell.xib in Resources */ = {isa = PBXBuildFile; fileRef = 8AB032851FA26737000CCBC0 /* ArtistTableViewCell.xib */; };
		8AB0328A1FA3B82A000CCBC0 /* ArtistProfileViewController.swift in Sources */ = {isa = PBXBuildFile; fileRef = 8AB032891FA3B82A000CCBC0 /* ArtistProfileViewController.swift */; };
		8ACD5B861F601D850063162A /* LikesViewController.swift in Sources */ = {isa = PBXBuildFile; fileRef = 8ACD5B841F601D850063162A /* LikesViewController.swift */; };
		8ACD5B871F601D850063162A /* FollowingViewController.swift in Sources */ = {isa = PBXBuildFile; fileRef = 8ACD5B851F601D850063162A /* FollowingViewController.swift */; };
		8ACD5B891F601E760063162A /* ArtWorksViewController.swift in Sources */ = {isa = PBXBuildFile; fileRef = 8ACD5B881F601E760063162A /* ArtWorksViewController.swift */; };
		8ACFD66F1F44B72E008DF502 /* AppDelegate.swift in Sources */ = {isa = PBXBuildFile; fileRef = 8ACFD66E1F44B72E008DF502 /* AppDelegate.swift */; };
		8ACFD6741F44B72E008DF502 /* Main.storyboard in Resources */ = {isa = PBXBuildFile; fileRef = 8ACFD6721F44B72E008DF502 /* Main.storyboard */; };
		8ACFD6761F44B72E008DF502 /* Assets.xcassets in Resources */ = {isa = PBXBuildFile; fileRef = 8ACFD6751F44B72E008DF502 /* Assets.xcassets */; };
		8ACFD6791F44B72E008DF502 /* LaunchScreen.storyboard in Resources */ = {isa = PBXBuildFile; fileRef = 8ACFD6771F44B72E008DF502 /* LaunchScreen.storyboard */; };
		8ACFD6841F44B72E008DF502 /* FinalChallengeTests.swift in Sources */ = {isa = PBXBuildFile; fileRef = 8ACFD6831F44B72E008DF502 /* FinalChallengeTests.swift */; };
		8ACFD68F1F44B72E008DF502 /* FinalChallengeUITests.swift in Sources */ = {isa = PBXBuildFile; fileRef = 8ACFD68E1F44B72E008DF502 /* FinalChallengeUITests.swift */; };
		8ACFD69D1F44E561008DF502 /* GoogleService-Info.plist in Resources */ = {isa = PBXBuildFile; fileRef = 8ACFD69C1F44E561008DF502 /* GoogleService-Info.plist */; };
		8ACFD69E1F44E561008DF502 /* GoogleService-Info.plist in Resources */ = {isa = PBXBuildFile; fileRef = 8ACFD69C1F44E561008DF502 /* GoogleService-Info.plist */; };
		8ACFD69F1F44E561008DF502 /* GoogleService-Info.plist in Resources */ = {isa = PBXBuildFile; fileRef = 8ACFD69C1F44E561008DF502 /* GoogleService-Info.plist */; };
		8AD744EF1F682F8B00DC0F75 /* AkiraTextField.swift in Sources */ = {isa = PBXBuildFile; fileRef = 8AD744E31F682F8B00DC0F75 /* AkiraTextField.swift */; };
		8AD744F01F682F8B00DC0F75 /* HoshiTextField.swift in Sources */ = {isa = PBXBuildFile; fileRef = 8AD744E41F682F8B00DC0F75 /* HoshiTextField.swift */; };
		8AD744F11F682F8B00DC0F75 /* Info.plist in Resources */ = {isa = PBXBuildFile; fileRef = 8AD744E51F682F8B00DC0F75 /* Info.plist */; };
		8AD744F21F682F8B00DC0F75 /* IsaoTextField.swift in Sources */ = {isa = PBXBuildFile; fileRef = 8AD744E61F682F8B00DC0F75 /* IsaoTextField.swift */; };
		8AD744F31F682F8B00DC0F75 /* JiroTextField.swift in Sources */ = {isa = PBXBuildFile; fileRef = 8AD744E71F682F8B00DC0F75 /* JiroTextField.swift */; };
		8AD744F41F682F8B00DC0F75 /* KaedeTextField.swift in Sources */ = {isa = PBXBuildFile; fileRef = 8AD744E81F682F8B00DC0F75 /* KaedeTextField.swift */; };
		8AD744F51F682F8B00DC0F75 /* MadokaTextField.swift in Sources */ = {isa = PBXBuildFile; fileRef = 8AD744E91F682F8B00DC0F75 /* MadokaTextField.swift */; };
		8AD744F61F682F8B00DC0F75 /* MinoruTextField.swift in Sources */ = {isa = PBXBuildFile; fileRef = 8AD744EA1F682F8B00DC0F75 /* MinoruTextField.swift */; };
		8AD744F71F682F8B00DC0F75 /* TextFieldEffects.swift in Sources */ = {isa = PBXBuildFile; fileRef = 8AD744EC1F682F8B00DC0F75 /* TextFieldEffects.swift */; };
		8AD744F81F682F8B00DC0F75 /* YokoTextField.swift in Sources */ = {isa = PBXBuildFile; fileRef = 8AD744ED1F682F8B00DC0F75 /* YokoTextField.swift */; };
		8AD744F91F682F8B00DC0F75 /* YoshikoTextField.swift in Sources */ = {isa = PBXBuildFile; fileRef = 8AD744EE1F682F8B00DC0F75 /* YoshikoTextField.swift */; };
/* End PBXBuildFile section */

/* Begin PBXContainerItemProxy section */
		8ACFD6801F44B72E008DF502 /* PBXContainerItemProxy */ = {
			isa = PBXContainerItemProxy;
			containerPortal = 8ACFD6631F44B72E008DF502 /* Project object */;
			proxyType = 1;
			remoteGlobalIDString = 8ACFD66A1F44B72E008DF502;
			remoteInfo = FinalChallenge;
		};
		8ACFD68B1F44B72E008DF502 /* PBXContainerItemProxy */ = {
			isa = PBXContainerItemProxy;
			containerPortal = 8ACFD6631F44B72E008DF502 /* Project object */;
			proxyType = 1;
			remoteGlobalIDString = 8ACFD66A1F44B72E008DF502;
			remoteInfo = FinalChallenge;
		};
/* End PBXContainerItemProxy section */

/* Begin PBXFileReference section */
		267FF3D11FABD4A800C625CC /* Artist.swift */ = {isa = PBXFileReference; lastKnownFileType = sourcecode.swift; path = Artist.swift; sourceTree = "<group>"; };
		26C2B9691F5CD1AB00666E8D /* DatabaseAccess.swift */ = {isa = PBXFileReference; fileEncoding = 4; lastKnownFileType = sourcecode.swift; path = DatabaseAccess.swift; sourceTree = "<group>"; };
		2FDDDB4C3A8ECC249F9178A1 /* Pods-FinalChallenge.debug.xcconfig */ = {isa = PBXFileReference; includeInIndex = 1; lastKnownFileType = text.xcconfig; name = "Pods-FinalChallenge.debug.xcconfig"; path = "Pods/Target Support Files/Pods-FinalChallenge/Pods-FinalChallenge.debug.xcconfig"; sourceTree = "<group>"; };
		3C5BE2810165BEA7BFFBF385 /* Pods-FinalChallengeUITests.release.xcconfig */ = {isa = PBXFileReference; includeInIndex = 1; lastKnownFileType = text.xcconfig; name = "Pods-FinalChallengeUITests.release.xcconfig"; path = "Pods/Target Support Files/Pods-FinalChallengeUITests/Pods-FinalChallengeUITests.release.xcconfig"; sourceTree = "<group>"; };
		4DD4258FC2A67A37B02384E6 /* Pods_FinalChallenge.framework */ = {isa = PBXFileReference; explicitFileType = wrapper.framework; includeInIndex = 0; path = Pods_FinalChallenge.framework; sourceTree = BUILT_PRODUCTS_DIR; };
		6B1E00F2C5A0FB1B01A3A7DC /* Pods_FinalChallengeTests.framework */ = {isa = PBXFileReference; explicitFileType = wrapper.framework; includeInIndex = 0; path = Pods_FinalChallengeTests.framework; sourceTree = BUILT_PRODUCTS_DIR; };
		8800A8A3FAAB580FC797E426 /* Pods_FinalChallengeUITests.framework */ = {isa = PBXFileReference; explicitFileType = wrapper.framework; includeInIndex = 0; path = Pods_FinalChallengeUITests.framework; sourceTree = BUILT_PRODUCTS_DIR; };
		8A0465941FA10CED00516AD8 /* AddArtWorkCategoriesCVC.swift */ = {isa = PBXFileReference; fileEncoding = 4; lastKnownFileType = sourcecode.swift; path = AddArtWorkCategoriesCVC.swift; sourceTree = "<group>"; };
		8A0465951FA10CEE00516AD8 /* AddArtWorkCategoriesCVC.xib */ = {isa = PBXFileReference; fileEncoding = 4; lastKnownFileType = file.xib; path = AddArtWorkCategoriesCVC.xib; sourceTree = "<group>"; };
		8A0465991FA10EFB00516AD8 /* PictureCVC.swift */ = {isa = PBXFileReference; fileEncoding = 4; lastKnownFileType = sourcecode.swift; path = PictureCVC.swift; sourceTree = "<group>"; };
		8A04659A1FA10EFB00516AD8 /* PictureCVC.xib */ = {isa = PBXFileReference; fileEncoding = 4; lastKnownFileType = file.xib; path = PictureCVC.xib; sourceTree = "<group>"; };
		8A1DA3DD1FB5D1F600989BAF /* FavoriteArtsTableViewCell.swift */ = {isa = PBXFileReference; fileEncoding = 4; lastKnownFileType = sourcecode.swift; path = FavoriteArtsTableViewCell.swift; sourceTree = "<group>"; };
		8A1DA3E21FB5D92100989BAF /* Lato-Black.ttf */ = {isa = PBXFileReference; lastKnownFileType = file; path = "Lato-Black.ttf"; sourceTree = "<group>"; };
		8A1DA3E31FB5D92100989BAF /* Lato-BlackItalic.ttf */ = {isa = PBXFileReference; lastKnownFileType = file; path = "Lato-BlackItalic.ttf"; sourceTree = "<group>"; };
		8A1DA3E41FB5D92100989BAF /* Lato-Bold.ttf */ = {isa = PBXFileReference; lastKnownFileType = file; path = "Lato-Bold.ttf"; sourceTree = "<group>"; };
		8A1DA3E51FB5D92100989BAF /* Lato-BoldItalic.ttf */ = {isa = PBXFileReference; lastKnownFileType = file; path = "Lato-BoldItalic.ttf"; sourceTree = "<group>"; };
		8A1DA3E61FB5D92100989BAF /* Lato-Hairline.ttf */ = {isa = PBXFileReference; lastKnownFileType = file; path = "Lato-Hairline.ttf"; sourceTree = "<group>"; };
		8A1DA3E71FB5D92100989BAF /* Lato-HairlineItalic.ttf */ = {isa = PBXFileReference; lastKnownFileType = file; path = "Lato-HairlineItalic.ttf"; sourceTree = "<group>"; };
		8A1DA3E81FB5D92100989BAF /* Lato-Heavy.ttf */ = {isa = PBXFileReference; lastKnownFileType = file; path = "Lato-Heavy.ttf"; sourceTree = "<group>"; };
		8A1DA3E91FB5D92100989BAF /* Lato-HeavyItalic.ttf */ = {isa = PBXFileReference; lastKnownFileType = file; path = "Lato-HeavyItalic.ttf"; sourceTree = "<group>"; };
		8A1DA3EA1FB5D92100989BAF /* Lato-Italic.ttf */ = {isa = PBXFileReference; lastKnownFileType = file; path = "Lato-Italic.ttf"; sourceTree = "<group>"; };
		8A1DA3EB1FB5D92100989BAF /* Lato-Light.ttf */ = {isa = PBXFileReference; lastKnownFileType = file; path = "Lato-Light.ttf"; sourceTree = "<group>"; };
		8A1DA3EC1FB5D92100989BAF /* Lato-LightItalic.ttf */ = {isa = PBXFileReference; lastKnownFileType = file; path = "Lato-LightItalic.ttf"; sourceTree = "<group>"; };
		8A1DA3ED1FB5D92100989BAF /* Lato-Medium.ttf */ = {isa = PBXFileReference; lastKnownFileType = file; path = "Lato-Medium.ttf"; sourceTree = "<group>"; };
		8A1DA3EE1FB5D92100989BAF /* Lato-MediumItalic.ttf */ = {isa = PBXFileReference; lastKnownFileType = file; path = "Lato-MediumItalic.ttf"; sourceTree = "<group>"; };
		8A1DA3EF1FB5D92100989BAF /* Lato-Regular.ttf */ = {isa = PBXFileReference; lastKnownFileType = file; path = "Lato-Regular.ttf"; sourceTree = "<group>"; };
		8A1DA3F01FB5D92100989BAF /* Lato-Semibold.ttf */ = {isa = PBXFileReference; lastKnownFileType = file; path = "Lato-Semibold.ttf"; sourceTree = "<group>"; };
		8A1DA3F11FB5D92100989BAF /* Lato-SemiboldItalic.ttf */ = {isa = PBXFileReference; lastKnownFileType = file; path = "Lato-SemiboldItalic.ttf"; sourceTree = "<group>"; };
		8A1DA3F21FB5D92100989BAF /* Lato-Thin.ttf */ = {isa = PBXFileReference; lastKnownFileType = file; path = "Lato-Thin.ttf"; sourceTree = "<group>"; };
		8A1DA3F31FB5D92100989BAF /* Lato-ThinItalic.ttf */ = {isa = PBXFileReference; lastKnownFileType = file; path = "Lato-ThinItalic.ttf"; sourceTree = "<group>"; };
		8A1DA4071FB5DDB700989BAF /* CategoryCollectionViewController.swift */ = {isa = PBXFileReference; fileEncoding = 4; lastKnownFileType = sourcecode.swift; path = CategoryCollectionViewController.swift; sourceTree = "<group>"; };
		8A1DA4091FB5DDD900989BAF /* CategoryHeaderCollectionReusableView.swift */ = {isa = PBXFileReference; fileEncoding = 4; lastKnownFileType = sourcecode.swift; path = CategoryHeaderCollectionReusableView.swift; sourceTree = "<group>"; };
		8A1DA40A1FB5DDD900989BAF /* CategoryHeaderCollectionReusableView.xib */ = {isa = PBXFileReference; fileEncoding = 4; lastKnownFileType = file.xib; path = CategoryHeaderCollectionReusableView.xib; sourceTree = "<group>"; };
		8A3DF37C1F7C0DD500A59A05 /* ArtWorkCollectionViewCell.swift */ = {isa = PBXFileReference; fileEncoding = 4; lastKnownFileType = sourcecode.swift; path = ArtWorkCollectionViewCell.swift; sourceTree = "<group>"; };
		8A3DF37D1F7C0DD500A59A05 /* ArtWorkCollectionViewCell.xib */ = {isa = PBXFileReference; fileEncoding = 4; lastKnownFileType = file.xib; path = ArtWorkCollectionViewCell.xib; sourceTree = "<group>"; };
		8A3DF3821F7C112E00A59A05 /* ProfileTableViewCell.swift */ = {isa = PBXFileReference; fileEncoding = 4; lastKnownFileType = sourcecode.swift; path = ProfileTableViewCell.swift; sourceTree = "<group>"; };
		8A3DF3841F7E5A1F00A59A05 /* ProfileCollectionViewController.swift */ = {isa = PBXFileReference; fileEncoding = 4; lastKnownFileType = sourcecode.swift; path = ProfileCollectionViewController.swift; sourceTree = "<group>"; };
		8A3DF3861F7E5D3400A59A05 /* CustomProfileHeaderCollectionReusableView.swift */ = {isa = PBXFileReference; fileEncoding = 4; lastKnownFileType = sourcecode.swift; path = CustomProfileHeaderCollectionReusableView.swift; sourceTree = "<group>"; };
		8A3DF3871F7E5D3400A59A05 /* CustomProfileHeaderCollectionReusableView.xib */ = {isa = PBXFileReference; fileEncoding = 4; lastKnownFileType = file.xib; path = CustomProfileHeaderCollectionReusableView.xib; sourceTree = "<group>"; };
		8A3DF38A1F7E682200A59A05 /* ProfileCollectionViewCell.swift */ = {isa = PBXFileReference; fileEncoding = 4; lastKnownFileType = sourcecode.swift; path = ProfileCollectionViewCell.swift; sourceTree = "<group>"; };
		8A3DF38B1F7E682200A59A05 /* ProfileCollectionViewCell.xib */ = {isa = PBXFileReference; fileEncoding = 4; lastKnownFileType = file.xib; path = ProfileCollectionViewCell.xib; sourceTree = "<group>"; };
		8A3DF3901F87C77C00A59A05 /* AddArtWorkTVC.swift */ = {isa = PBXFileReference; fileEncoding = 4; lastKnownFileType = sourcecode.swift; path = AddArtWorkTVC.swift; sourceTree = "<group>"; };
		8A40BC641F54A3C700A12EBA /* Gradients.swift */ = {isa = PBXFileReference; fileEncoding = 4; lastKnownFileType = sourcecode.swift; path = Gradients.swift; sourceTree = "<group>"; };
		8A40BC661F55945700A12EBA /* LoginViewController.swift */ = {isa = PBXFileReference; fileEncoding = 4; lastKnownFileType = sourcecode.swift; path = LoginViewController.swift; sourceTree = "<group>"; };
		8A40BC681F55959C00A12EBA /* Bolts.framework */ = {isa = PBXFileReference; lastKnownFileType = wrapper.framework; path = Bolts.framework; sourceTree = "<group>"; };
		8A40BC6A1F5595AB00A12EBA /* FBSDKCoreKit.framework */ = {isa = PBXFileReference; lastKnownFileType = wrapper.framework; path = FBSDKCoreKit.framework; sourceTree = "<group>"; };
		8A40BC6C1F5595B900A12EBA /* FBSDKLoginKit.framework */ = {isa = PBXFileReference; lastKnownFileType = wrapper.framework; path = FBSDKLoginKit.framework; sourceTree = "<group>"; };
		8A40BC6E1F5595C800A12EBA /* FBSDKShareKit.framework */ = {isa = PBXFileReference; lastKnownFileType = wrapper.framework; path = FBSDKShareKit.framework; sourceTree = "<group>"; };
		8A40BC711F55A26100A12EBA /* User.swift */ = {isa = PBXFileReference; fileEncoding = 4; lastKnownFileType = sourcecode.swift; path = User.swift; sourceTree = "<group>"; };
		8A40BC731F55B96D00A12EBA /* HomeTVC.swift */ = {isa = PBXFileReference; fileEncoding = 4; lastKnownFileType = sourcecode.swift; path = HomeTVC.swift; sourceTree = "<group>"; };
		8A40BC751F55B98A00A12EBA /* ProfileViewController.swift */ = {isa = PBXFileReference; fileEncoding = 4; lastKnownFileType = sourcecode.swift; path = ProfileViewController.swift; sourceTree = "<group>"; };
		8A40BC771F55B9C700A12EBA /* SearchViewController.swift */ = {isa = PBXFileReference; fileEncoding = 4; lastKnownFileType = sourcecode.swift; path = SearchViewController.swift; sourceTree = "<group>"; };
		8A40BC791F55BA4200A12EBA /* InboxViewController.swift */ = {isa = PBXFileReference; fileEncoding = 4; lastKnownFileType = sourcecode.swift; path = InboxViewController.swift; sourceTree = "<group>"; };
		8A40BC7C1F55BB8C00A12EBA /* HeaderProfile.xib */ = {isa = PBXFileReference; fileEncoding = 4; lastKnownFileType = file.xib; path = HeaderProfile.xib; sourceTree = "<group>"; };
		8A40BC7E1F55BD3400A12EBA /* HeaderProfile.swift */ = {isa = PBXFileReference; fileEncoding = 4; lastKnownFileType = sourcecode.swift; path = HeaderProfile.swift; sourceTree = "<group>"; };
		8A40BC801F55C4D000A12EBA /* MiddleProfile.xib */ = {isa = PBXFileReference; fileEncoding = 4; lastKnownFileType = file.xib; path = MiddleProfile.xib; sourceTree = "<group>"; };
		8A40BC821F55C76D00A12EBA /* MiddleProfile.swift */ = {isa = PBXFileReference; fileEncoding = 4; lastKnownFileType = sourcecode.swift; path = MiddleProfile.swift; sourceTree = "<group>"; };
		8A70BA141F6BF21C00BE9BE7 /* ArtWork.swift */ = {isa = PBXFileReference; fileEncoding = 4; lastKnownFileType = sourcecode.swift; path = ArtWork.swift; sourceTree = "<group>"; };
		8A9548E61F55E64800FDA06A /* CategoriesTableViewCell.swift */ = {isa = PBXFileReference; fileEncoding = 4; lastKnownFileType = sourcecode.swift; path = CategoriesTableViewCell.swift; sourceTree = "<group>"; };
		8A9548E91F55EB7500FDA06A /* CategoryCollectionViewCell.swift */ = {isa = PBXFileReference; fileEncoding = 4; lastKnownFileType = sourcecode.swift; path = CategoryCollectionViewCell.swift; sourceTree = "<group>"; };
		8A9548EA1F55EB7500FDA06A /* CategoryCollectionViewCell.xib */ = {isa = PBXFileReference; fileEncoding = 4; lastKnownFileType = file.xib; path = CategoryCollectionViewCell.xib; sourceTree = "<group>"; };
		8A9548F01F560FA400FDA06A /* Extensions.swift */ = {isa = PBXFileReference; fileEncoding = 4; lastKnownFileType = sourcecode.swift; path = Extensions.swift; sourceTree = "<group>"; };
		8A9548F31F56DECC00FDA06A /* ArtistsTableViewCell.swift */ = {isa = PBXFileReference; fileEncoding = 4; lastKnownFileType = sourcecode.swift; path = ArtistsTableViewCell.swift; sourceTree = "<group>"; };
		8A9548F71F56DF5F00FDA06A /* ArtistCollectionViewCell.swift */ = {isa = PBXFileReference; fileEncoding = 4; lastKnownFileType = sourcecode.swift; path = ArtistCollectionViewCell.swift; sourceTree = "<group>"; };
		8A9548F81F56DF5F00FDA06A /* ArtistCollectionViewCell.xib */ = {isa = PBXFileReference; fileEncoding = 4; lastKnownFileType = file.xib; path = ArtistCollectionViewCell.xib; sourceTree = "<group>"; };
		8AA615931F8BD46600E54815 /* AddArtWorkTableViewCell.swift */ = {isa = PBXFileReference; fileEncoding = 4; lastKnownFileType = sourcecode.swift; path = AddArtWorkTableViewCell.swift; sourceTree = "<group>"; };
		8AA615941F8BD46600E54815 /* AddArtWorkTableViewCell.xib */ = {isa = PBXFileReference; fileEncoding = 4; lastKnownFileType = file.xib; path = AddArtWorkTableViewCell.xib; sourceTree = "<group>"; };
		8AA615971F8BDA7900E54815 /* AddArtWorkHeader.xib */ = {isa = PBXFileReference; fileEncoding = 4; lastKnownFileType = file.xib; path = AddArtWorkHeader.xib; sourceTree = "<group>"; };
		8AA615991F8BDADA00E54815 /* AddArtWorkHeader.swift */ = {isa = PBXFileReference; fileEncoding = 4; lastKnownFileType = sourcecode.swift; path = AddArtWorkHeader.swift; sourceTree = "<group>"; };
		8AB032811FA266BB000CCBC0 /* ArtistsTVC.swift */ = {isa = PBXFileReference; fileEncoding = 4; lastKnownFileType = sourcecode.swift; path = ArtistsTVC.swift; sourceTree = "<group>"; };
		8AB032841FA26737000CCBC0 /* ArtistTableViewCell.swift */ = {isa = PBXFileReference; fileEncoding = 4; lastKnownFileType = sourcecode.swift; path = ArtistTableViewCell.swift; sourceTree = "<group>"; };
		8AB032851FA26737000CCBC0 /* ArtistTableViewCell.xib */ = {isa = PBXFileReference; fileEncoding = 4; lastKnownFileType = file.xib; path = ArtistTableViewCell.xib; sourceTree = "<group>"; };
		8AB032891FA3B82A000CCBC0 /* ArtistProfileViewController.swift */ = {isa = PBXFileReference; fileEncoding = 4; lastKnownFileType = sourcecode.swift; path = ArtistProfileViewController.swift; sourceTree = "<group>"; };
		8ACD5B841F601D850063162A /* LikesViewController.swift */ = {isa = PBXFileReference; fileEncoding = 4; lastKnownFileType = sourcecode.swift; path = LikesViewController.swift; sourceTree = "<group>"; };
		8ACD5B851F601D850063162A /* FollowingViewController.swift */ = {isa = PBXFileReference; fileEncoding = 4; lastKnownFileType = sourcecode.swift; path = FollowingViewController.swift; sourceTree = "<group>"; };
		8ACD5B881F601E760063162A /* ArtWorksViewController.swift */ = {isa = PBXFileReference; fileEncoding = 4; lastKnownFileType = sourcecode.swift; path = ArtWorksViewController.swift; sourceTree = "<group>"; };
		8ACFD66B1F44B72E008DF502 /* FinalChallenge.app */ = {isa = PBXFileReference; explicitFileType = wrapper.application; includeInIndex = 0; path = FinalChallenge.app; sourceTree = BUILT_PRODUCTS_DIR; };
		8ACFD66E1F44B72E008DF502 /* AppDelegate.swift */ = {isa = PBXFileReference; lastKnownFileType = sourcecode.swift; path = AppDelegate.swift; sourceTree = "<group>"; };
		8ACFD6731F44B72E008DF502 /* Base */ = {isa = PBXFileReference; lastKnownFileType = file.storyboard; name = Base; path = Base.lproj/Main.storyboard; sourceTree = "<group>"; };
		8ACFD6751F44B72E008DF502 /* Assets.xcassets */ = {isa = PBXFileReference; lastKnownFileType = folder.assetcatalog; path = Assets.xcassets; sourceTree = "<group>"; };
		8ACFD6781F44B72E008DF502 /* Base */ = {isa = PBXFileReference; lastKnownFileType = file.storyboard; name = Base; path = Base.lproj/LaunchScreen.storyboard; sourceTree = "<group>"; };
		8ACFD67A1F44B72E008DF502 /* Info.plist */ = {isa = PBXFileReference; lastKnownFileType = text.plist.xml; path = Info.plist; sourceTree = "<group>"; };
		8ACFD67F1F44B72E008DF502 /* FinalChallengeTests.xctest */ = {isa = PBXFileReference; explicitFileType = wrapper.cfbundle; includeInIndex = 0; path = FinalChallengeTests.xctest; sourceTree = BUILT_PRODUCTS_DIR; };
		8ACFD6831F44B72E008DF502 /* FinalChallengeTests.swift */ = {isa = PBXFileReference; lastKnownFileType = sourcecode.swift; path = FinalChallengeTests.swift; sourceTree = "<group>"; };
		8ACFD6851F44B72E008DF502 /* Info.plist */ = {isa = PBXFileReference; lastKnownFileType = text.plist.xml; path = Info.plist; sourceTree = "<group>"; };
		8ACFD68A1F44B72E008DF502 /* FinalChallengeUITests.xctest */ = {isa = PBXFileReference; explicitFileType = wrapper.cfbundle; includeInIndex = 0; path = FinalChallengeUITests.xctest; sourceTree = BUILT_PRODUCTS_DIR; };
		8ACFD68E1F44B72E008DF502 /* FinalChallengeUITests.swift */ = {isa = PBXFileReference; lastKnownFileType = sourcecode.swift; path = FinalChallengeUITests.swift; sourceTree = "<group>"; };
		8ACFD6901F44B72E008DF502 /* Info.plist */ = {isa = PBXFileReference; lastKnownFileType = text.plist.xml; path = Info.plist; sourceTree = "<group>"; };
		8ACFD69C1F44E561008DF502 /* GoogleService-Info.plist */ = {isa = PBXFileReference; fileEncoding = 4; lastKnownFileType = text.plist.xml; path = "GoogleService-Info.plist"; sourceTree = "<group>"; };
		8AD744E31F682F8B00DC0F75 /* AkiraTextField.swift */ = {isa = PBXFileReference; fileEncoding = 4; lastKnownFileType = sourcecode.swift; path = AkiraTextField.swift; sourceTree = "<group>"; };
		8AD744E41F682F8B00DC0F75 /* HoshiTextField.swift */ = {isa = PBXFileReference; fileEncoding = 4; lastKnownFileType = sourcecode.swift; path = HoshiTextField.swift; sourceTree = "<group>"; };
		8AD744E51F682F8B00DC0F75 /* Info.plist */ = {isa = PBXFileReference; fileEncoding = 4; lastKnownFileType = text.plist.xml; path = Info.plist; sourceTree = "<group>"; };
		8AD744E61F682F8B00DC0F75 /* IsaoTextField.swift */ = {isa = PBXFileReference; fileEncoding = 4; lastKnownFileType = sourcecode.swift; path = IsaoTextField.swift; sourceTree = "<group>"; };
		8AD744E71F682F8B00DC0F75 /* JiroTextField.swift */ = {isa = PBXFileReference; fileEncoding = 4; lastKnownFileType = sourcecode.swift; path = JiroTextField.swift; sourceTree = "<group>"; };
		8AD744E81F682F8B00DC0F75 /* KaedeTextField.swift */ = {isa = PBXFileReference; fileEncoding = 4; lastKnownFileType = sourcecode.swift; path = KaedeTextField.swift; sourceTree = "<group>"; };
		8AD744E91F682F8B00DC0F75 /* MadokaTextField.swift */ = {isa = PBXFileReference; fileEncoding = 4; lastKnownFileType = sourcecode.swift; path = MadokaTextField.swift; sourceTree = "<group>"; };
		8AD744EA1F682F8B00DC0F75 /* MinoruTextField.swift */ = {isa = PBXFileReference; fileEncoding = 4; lastKnownFileType = sourcecode.swift; path = MinoruTextField.swift; sourceTree = "<group>"; };
		8AD744EB1F682F8B00DC0F75 /* TextFieldEffects.h */ = {isa = PBXFileReference; fileEncoding = 4; lastKnownFileType = sourcecode.c.h; path = TextFieldEffects.h; sourceTree = "<group>"; };
		8AD744EC1F682F8B00DC0F75 /* TextFieldEffects.swift */ = {isa = PBXFileReference; fileEncoding = 4; lastKnownFileType = sourcecode.swift; path = TextFieldEffects.swift; sourceTree = "<group>"; };
		8AD744ED1F682F8B00DC0F75 /* YokoTextField.swift */ = {isa = PBXFileReference; fileEncoding = 4; lastKnownFileType = sourcecode.swift; path = YokoTextField.swift; sourceTree = "<group>"; };
		8AD744EE1F682F8B00DC0F75 /* YoshikoTextField.swift */ = {isa = PBXFileReference; fileEncoding = 4; lastKnownFileType = sourcecode.swift; path = YoshikoTextField.swift; sourceTree = "<group>"; };
		8EF6DBFB9453073E19BBF4FF /* Pods-FinalChallengeUITests.debug.xcconfig */ = {isa = PBXFileReference; includeInIndex = 1; lastKnownFileType = text.xcconfig; name = "Pods-FinalChallengeUITests.debug.xcconfig"; path = "Pods/Target Support Files/Pods-FinalChallengeUITests/Pods-FinalChallengeUITests.debug.xcconfig"; sourceTree = "<group>"; };
		9F7DF13AA74C40E2F7FA05BA /* Pods-FinalChallengeTests.debug.xcconfig */ = {isa = PBXFileReference; includeInIndex = 1; lastKnownFileType = text.xcconfig; name = "Pods-FinalChallengeTests.debug.xcconfig"; path = "Pods/Target Support Files/Pods-FinalChallengeTests/Pods-FinalChallengeTests.debug.xcconfig"; sourceTree = "<group>"; };
		C09A94F0082074DDD7F1D47B /* Pods-FinalChallengeTests.release.xcconfig */ = {isa = PBXFileReference; includeInIndex = 1; lastKnownFileType = text.xcconfig; name = "Pods-FinalChallengeTests.release.xcconfig"; path = "Pods/Target Support Files/Pods-FinalChallengeTests/Pods-FinalChallengeTests.release.xcconfig"; sourceTree = "<group>"; };
		FCD705B0A55EB2839B95FFF5 /* Pods-FinalChallenge.release.xcconfig */ = {isa = PBXFileReference; includeInIndex = 1; lastKnownFileType = text.xcconfig; name = "Pods-FinalChallenge.release.xcconfig"; path = "Pods/Target Support Files/Pods-FinalChallenge/Pods-FinalChallenge.release.xcconfig"; sourceTree = "<group>"; };
/* End PBXFileReference section */

/* Begin PBXFrameworksBuildPhase section */
		8ACFD6681F44B72E008DF502 /* Frameworks */ = {
			isa = PBXFrameworksBuildPhase;
			buildActionMask = 2147483647;
			files = (
				0957F9E0242A2DB53493AB05 /* Pods_FinalChallenge.framework in Frameworks */,
				8A40BC6B1F5595AB00A12EBA /* FBSDKCoreKit.framework in Frameworks */,
				8A40BC6F1F5595C800A12EBA /* FBSDKShareKit.framework in Frameworks */,
				8A40BC6D1F5595B900A12EBA /* FBSDKLoginKit.framework in Frameworks */,
				8A40BC691F55959C00A12EBA /* Bolts.framework in Frameworks */,
			);
			runOnlyForDeploymentPostprocessing = 0;
		};
		8ACFD67C1F44B72E008DF502 /* Frameworks */ = {
			isa = PBXFrameworksBuildPhase;
			buildActionMask = 2147483647;
			files = (
				44D9554716FE6DDBAB41328E /* Pods_FinalChallengeTests.framework in Frameworks */,
			);
			runOnlyForDeploymentPostprocessing = 0;
		};
		8ACFD6871F44B72E008DF502 /* Frameworks */ = {
			isa = PBXFrameworksBuildPhase;
			buildActionMask = 2147483647;
			files = (
				0B227DA9B7468AEB3F7ADD9E /* Pods_FinalChallengeUITests.framework in Frameworks */,
			);
			runOnlyForDeploymentPostprocessing = 0;
		};
/* End PBXFrameworksBuildPhase section */

/* Begin PBXGroup section */
		0EE9868238A72C41B1182784 /* Pods */ = {
			isa = PBXGroup;
			children = (
				2FDDDB4C3A8ECC249F9178A1 /* Pods-FinalChallenge.debug.xcconfig */,
				FCD705B0A55EB2839B95FFF5 /* Pods-FinalChallenge.release.xcconfig */,
				9F7DF13AA74C40E2F7FA05BA /* Pods-FinalChallengeTests.debug.xcconfig */,
				C09A94F0082074DDD7F1D47B /* Pods-FinalChallengeTests.release.xcconfig */,
				8EF6DBFB9453073E19BBF4FF /* Pods-FinalChallengeUITests.debug.xcconfig */,
				3C5BE2810165BEA7BFFBF385 /* Pods-FinalChallengeUITests.release.xcconfig */,
			);
			name = Pods;
			sourceTree = "<group>";
		};
		26C2B9671F5C961600666E8D /* Classes */ = {
			isa = PBXGroup;
			children = (
				8A40BC711F55A26100A12EBA /* User.swift */,
				8A70BA141F6BF21C00BE9BE7 /* ArtWork.swift */,
				267FF3D11FABD4A800C625CC /* Artist.swift */,
			);
			name = Classes;
			sourceTree = "<group>";
		};
		26C2B9681F5CD17B00666E8D /* DAO */ = {
			isa = PBXGroup;
			children = (
				26C2B9691F5CD1AB00666E8D /* DatabaseAccess.swift */,
			);
			name = DAO;
			sourceTree = "<group>";
		};
		8A0465981FA10EC000516AD8 /* AddArtWork */ = {
			isa = PBXGroup;
			children = (
				8A3DF3901F87C77C00A59A05 /* AddArtWorkTVC.swift */,
				8AA615931F8BD46600E54815 /* AddArtWorkTableViewCell.swift */,
				8AA615941F8BD46600E54815 /* AddArtWorkTableViewCell.xib */,
				8AA615991F8BDADA00E54815 /* AddArtWorkHeader.swift */,
				8AA615971F8BDA7900E54815 /* AddArtWorkHeader.xib */,
				8A0465941FA10CED00516AD8 /* AddArtWorkCategoriesCVC.swift */,
				8A0465951FA10CEE00516AD8 /* AddArtWorkCategoriesCVC.xib */,
				8A0465991FA10EFB00516AD8 /* PictureCVC.swift */,
				8A04659A1FA10EFB00516AD8 /* PictureCVC.xib */,
			);
			name = AddArtWork;
			sourceTree = "<group>";
		};
		8A1DA3DC1FB5D0D400989BAF /* FavoriteArts */ = {
			isa = PBXGroup;
			children = (
				8A1DA3DD1FB5D1F600989BAF /* FavoriteArtsTableViewCell.swift */,
			);
			name = FavoriteArts;
			sourceTree = "<group>";
		};
		8A1DA3E11FB5D90A00989BAF /* Font */ = {
			isa = PBXGroup;
			children = (
				8A1DA3E21FB5D92100989BAF /* Lato-Black.ttf */,
				8A1DA3E31FB5D92100989BAF /* Lato-BlackItalic.ttf */,
				8A1DA3E41FB5D92100989BAF /* Lato-Bold.ttf */,
				8A1DA3E51FB5D92100989BAF /* Lato-BoldItalic.ttf */,
				8A1DA3E61FB5D92100989BAF /* Lato-Hairline.ttf */,
				8A1DA3E71FB5D92100989BAF /* Lato-HairlineItalic.ttf */,
				8A1DA3E81FB5D92100989BAF /* Lato-Heavy.ttf */,
				8A1DA3E91FB5D92100989BAF /* Lato-HeavyItalic.ttf */,
				8A1DA3EA1FB5D92100989BAF /* Lato-Italic.ttf */,
				8A1DA3EB1FB5D92100989BAF /* Lato-Light.ttf */,
				8A1DA3EC1FB5D92100989BAF /* Lato-LightItalic.ttf */,
				8A1DA3ED1FB5D92100989BAF /* Lato-Medium.ttf */,
				8A1DA3EE1FB5D92100989BAF /* Lato-MediumItalic.ttf */,
				8A1DA3EF1FB5D92100989BAF /* Lato-Regular.ttf */,
				8A1DA3F01FB5D92100989BAF /* Lato-Semibold.ttf */,
				8A1DA3F11FB5D92100989BAF /* Lato-SemiboldItalic.ttf */,
				8A1DA3F21FB5D92100989BAF /* Lato-Thin.ttf */,
				8A1DA3F31FB5D92100989BAF /* Lato-ThinItalic.ttf */,
			);
			name = Font;
			sourceTree = "<group>";
		};
		8A1DA4061FB5DD8A00989BAF /* CategorySelected */ = {
			isa = PBXGroup;
			children = (
				8A1DA4071FB5DDB700989BAF /* CategoryCollectionViewController.swift */,
				8A1DA4091FB5DDD900989BAF /* CategoryHeaderCollectionReusableView.swift */,
				8A1DA40A1FB5DDD900989BAF /* CategoryHeaderCollectionReusableView.xib */,
			);
			name = CategorySelected;
			sourceTree = "<group>";
		};
		8A1DA40D1FB5E28400989BAF /* ArtWorkDetail */ = {
			isa = PBXGroup;
			children = (
			);
			name = ArtWorkDetail;
			sourceTree = "<group>";
		};
		8A3DF3801F7C0DE200A59A05 /* Cells */ = {
			isa = PBXGroup;
			children = (
				8A9548EA1F55EB7500FDA06A /* CategoryCollectionViewCell.xib */,
				8A9548F81F56DF5F00FDA06A /* ArtistCollectionViewCell.xib */,
				8A3DF37D1F7C0DD500A59A05 /* ArtWorkCollectionViewCell.xib */,
			);
			name = Cells;
			sourceTree = "<group>";
		};
		8A3DF3811F7C0F7500A59A05 /* Cells */ = {
			isa = PBXGroup;
			children = (
				8A3DF37C1F7C0DD500A59A05 /* ArtWorkCollectionViewCell.swift */,
				8A9548F71F56DF5F00FDA06A /* ArtistCollectionViewCell.swift */,
				8A9548E91F55EB7500FDA06A /* CategoryCollectionViewCell.swift */,
			);
			name = Cells;
			sourceTree = "<group>";
		};
		8A40BC701F55A24800A12EBA /* FacebookFrameworks */ = {
			isa = PBXGroup;
			children = (
				8A40BC6A1F5595AB00A12EBA /* FBSDKCoreKit.framework */,
				8A40BC681F55959C00A12EBA /* Bolts.framework */,
				8A40BC6E1F5595C800A12EBA /* FBSDKShareKit.framework */,
				8A40BC6C1F5595B900A12EBA /* FBSDKLoginKit.framework */,
			);
			name = FacebookFrameworks;
			sourceTree = "<group>";
		};
		8A40BC7B1F55BAE900A12EBA /* Profile */ = {
			isa = PBXGroup;
			children = (
				8A40BC751F55B98A00A12EBA /* ProfileViewController.swift */,
				8ACD5B881F601E760063162A /* ArtWorksViewController.swift */,
				8ACD5B841F601D850063162A /* LikesViewController.swift */,
				8ACD5B851F601D850063162A /* FollowingViewController.swift */,
				8A40BC7C1F55BB8C00A12EBA /* HeaderProfile.xib */,
				8A40BC7E1F55BD3400A12EBA /* HeaderProfile.swift */,
				8A40BC801F55C4D000A12EBA /* MiddleProfile.xib */,
				8A40BC821F55C76D00A12EBA /* MiddleProfile.swift */,
				8A3DF3821F7C112E00A59A05 /* ProfileTableViewCell.swift */,
			);
			name = Profile;
			sourceTree = "<group>";
		};
		8A70BA181F704F2500BE9BE7 /* Model */ = {
			isa = PBXGroup;
			children = (
				26C2B9671F5C961600666E8D /* Classes */,
				26C2B9681F5CD17B00666E8D /* DAO */,
			);
			name = Model;
			sourceTree = "<group>";
		};
		8A70BA191F704F2D00BE9BE7 /* View */ = {
			isa = PBXGroup;
			children = (
				8A3DF3801F7C0DE200A59A05 /* Cells */,
				8ACFD6721F44B72E008DF502 /* Main.storyboard */,
				8ACFD6771F44B72E008DF502 /* LaunchScreen.storyboard */,
			);
			name = View;
			sourceTree = "<group>";
		};
		8A70BA1A1F704F3200BE9BE7 /* Controller */ = {
			isa = PBXGroup;
			children = (
				8A9548E81F55EA9600FDA06A /* Home */,
				8A1DA40D1FB5E28400989BAF /* ArtWorkDetail */,
				8A1DA4061FB5DD8A00989BAF /* CategorySelected */,
				8AB032881FA3B804000CCBC0 /* ArtistProfile */,
				8AB032831FA26719000CCBC0 /* Artists */,
				8AA615A61F8BF12500E54815 /* Profile(AddArtWork) */,
				8A3DF3811F7C0F7500A59A05 /* Cells */,
				8A40BC661F55945700A12EBA /* LoginViewController.swift */,
				8A40BC771F55B9C700A12EBA /* SearchViewController.swift */,
				8A40BC791F55BA4200A12EBA /* InboxViewController.swift */,
				8A40BC7B1F55BAE900A12EBA /* Profile */,
			);
			name = Controller;
			sourceTree = "<group>";
		};
		8A70BA1B1F70557800BE9BE7 /* Extras */ = {
			isa = PBXGroup;
			children = (
				8A1DA3E11FB5D90A00989BAF /* Font */,
				8ACFD66E1F44B72E008DF502 /* AppDelegate.swift */,
				8ACFD6751F44B72E008DF502 /* Assets.xcassets */,
				8ACFD67A1F44B72E008DF502 /* Info.plist */,
				8ACFD69C1F44E561008DF502 /* GoogleService-Info.plist */,
				8A40BC641F54A3C700A12EBA /* Gradients.swift */,
				8A9548F01F560FA400FDA06A /* Extensions.swift */,
				8AD744E21F682F8B00DC0F75 /* TextFieldEffects */,
				8A40BC701F55A24800A12EBA /* FacebookFrameworks */,
			);
			name = Extras;
			sourceTree = "<group>";
		};
		8A9548E81F55EA9600FDA06A /* Home */ = {
			isa = PBXGroup;
			children = (
				8A40BC731F55B96D00A12EBA /* HomeTVC.swift */,
				8A1DA3DC1FB5D0D400989BAF /* FavoriteArts */,
				8A9548F21F56DE9F00FDA06A /* Artists */,
				8A9548ED1F55F51500FDA06A /* Categories */,
			);
			name = Home;
			sourceTree = "<group>";
		};
		8A9548ED1F55F51500FDA06A /* Categories */ = {
			isa = PBXGroup;
			children = (
				8A9548E61F55E64800FDA06A /* CategoriesTableViewCell.swift */,
			);
			name = Categories;
			sourceTree = "<group>";
		};
		8A9548F21F56DE9F00FDA06A /* Artists */ = {
			isa = PBXGroup;
			children = (
				8A9548F31F56DECC00FDA06A /* ArtistsTableViewCell.swift */,
			);
			name = Artists;
			sourceTree = "<group>";
		};
		8AA615A61F8BF12500E54815 /* Profile(AddArtWork) */ = {
			isa = PBXGroup;
			children = (
				8A0465981FA10EC000516AD8 /* AddArtWork */,
				8A3DF3841F7E5A1F00A59A05 /* ProfileCollectionViewController.swift */,
				8A3DF3861F7E5D3400A59A05 /* CustomProfileHeaderCollectionReusableView.swift */,
				8A3DF3871F7E5D3400A59A05 /* CustomProfileHeaderCollectionReusableView.xib */,
				8A3DF38A1F7E682200A59A05 /* ProfileCollectionViewCell.swift */,
				8A3DF38B1F7E682200A59A05 /* ProfileCollectionViewCell.xib */,
			);
			name = "Profile(AddArtWork)";
			sourceTree = "<group>";
		};
		8AB032831FA26719000CCBC0 /* Artists */ = {
			isa = PBXGroup;
			children = (
				8AB032811FA266BB000CCBC0 /* ArtistsTVC.swift */,
				8AB032841FA26737000CCBC0 /* ArtistTableViewCell.swift */,
				8AB032851FA26737000CCBC0 /* ArtistTableViewCell.xib */,
			);
			name = Artists;
			sourceTree = "<group>";
		};
		8AB032881FA3B804000CCBC0 /* ArtistProfile */ = {
			isa = PBXGroup;
			children = (
				8AB032891FA3B82A000CCBC0 /* ArtistProfileViewController.swift */,
			);
			name = ArtistProfile;
			sourceTree = "<group>";
		};
		8ACFD6621F44B72E008DF502 = {
			isa = PBXGroup;
			children = (
				8ACFD66D1F44B72E008DF502 /* FinalChallenge */,
				8ACFD6821F44B72E008DF502 /* FinalChallengeTests */,
				8ACFD68D1F44B72E008DF502 /* FinalChallengeUITests */,
				8ACFD66C1F44B72E008DF502 /* Products */,
				0EE9868238A72C41B1182784 /* Pods */,
				B6F833A5A798E71BBB9D2F73 /* Frameworks */,
			);
			sourceTree = "<group>";
		};
		8ACFD66C1F44B72E008DF502 /* Products */ = {
			isa = PBXGroup;
			children = (
				8ACFD66B1F44B72E008DF502 /* FinalChallenge.app */,
				8ACFD67F1F44B72E008DF502 /* FinalChallengeTests.xctest */,
				8ACFD68A1F44B72E008DF502 /* FinalChallengeUITests.xctest */,
			);
			name = Products;
			sourceTree = "<group>";
		};
		8ACFD66D1F44B72E008DF502 /* FinalChallenge */ = {
			isa = PBXGroup;
			children = (
				8A70BA1B1F70557800BE9BE7 /* Extras */,
				8A70BA1A1F704F3200BE9BE7 /* Controller */,
				8A70BA191F704F2D00BE9BE7 /* View */,
				8A70BA181F704F2500BE9BE7 /* Model */,
			);
			path = FinalChallenge;
			sourceTree = "<group>";
		};
		8ACFD6821F44B72E008DF502 /* FinalChallengeTests */ = {
			isa = PBXGroup;
			children = (
				8ACFD6831F44B72E008DF502 /* FinalChallengeTests.swift */,
				8ACFD6851F44B72E008DF502 /* Info.plist */,
			);
			path = FinalChallengeTests;
			sourceTree = "<group>";
		};
		8ACFD68D1F44B72E008DF502 /* FinalChallengeUITests */ = {
			isa = PBXGroup;
			children = (
				8ACFD68E1F44B72E008DF502 /* FinalChallengeUITests.swift */,
				8ACFD6901F44B72E008DF502 /* Info.plist */,
			);
			path = FinalChallengeUITests;
			sourceTree = "<group>";
		};
		8AD744E21F682F8B00DC0F75 /* TextFieldEffects */ = {
			isa = PBXGroup;
			children = (
				8AD744E31F682F8B00DC0F75 /* AkiraTextField.swift */,
				8AD744E41F682F8B00DC0F75 /* HoshiTextField.swift */,
				8AD744E51F682F8B00DC0F75 /* Info.plist */,
				8AD744E61F682F8B00DC0F75 /* IsaoTextField.swift */,
				8AD744E71F682F8B00DC0F75 /* JiroTextField.swift */,
				8AD744E81F682F8B00DC0F75 /* KaedeTextField.swift */,
				8AD744E91F682F8B00DC0F75 /* MadokaTextField.swift */,
				8AD744EA1F682F8B00DC0F75 /* MinoruTextField.swift */,
				8AD744EB1F682F8B00DC0F75 /* TextFieldEffects.h */,
				8AD744EC1F682F8B00DC0F75 /* TextFieldEffects.swift */,
				8AD744ED1F682F8B00DC0F75 /* YokoTextField.swift */,
				8AD744EE1F682F8B00DC0F75 /* YoshikoTextField.swift */,
			);
			path = TextFieldEffects;
			sourceTree = "<group>";
		};
		B6F833A5A798E71BBB9D2F73 /* Frameworks */ = {
			isa = PBXGroup;
			children = (
				4DD4258FC2A67A37B02384E6 /* Pods_FinalChallenge.framework */,
				6B1E00F2C5A0FB1B01A3A7DC /* Pods_FinalChallengeTests.framework */,
				8800A8A3FAAB580FC797E426 /* Pods_FinalChallengeUITests.framework */,
			);
			name = Frameworks;
			sourceTree = "<group>";
		};
/* End PBXGroup section */

/* Begin PBXNativeTarget section */
		8ACFD66A1F44B72E008DF502 /* FinalChallenge */ = {
			isa = PBXNativeTarget;
			buildConfigurationList = 8ACFD6931F44B72E008DF502 /* Build configuration list for PBXNativeTarget "FinalChallenge" */;
			buildPhases = (
				2EC3C917709A494DB71D5A6F /* [CP] Check Pods Manifest.lock */,
				8ACFD6671F44B72E008DF502 /* Sources */,
				8ACFD6681F44B72E008DF502 /* Frameworks */,
				8ACFD6691F44B72E008DF502 /* Resources */,
				E7BB01437BD89C6D61873901 /* [CP] Embed Pods Frameworks */,
				5F77BBC80D77816F2CA076FB /* [CP] Copy Pods Resources */,
			);
			buildRules = (
			);
			dependencies = (
			);
			name = FinalChallenge;
			productName = FinalChallenge;
			productReference = 8ACFD66B1F44B72E008DF502 /* FinalChallenge.app */;
			productType = "com.apple.product-type.application";
		};
		8ACFD67E1F44B72E008DF502 /* FinalChallengeTests */ = {
			isa = PBXNativeTarget;
			buildConfigurationList = 8ACFD6961F44B72E008DF502 /* Build configuration list for PBXNativeTarget "FinalChallengeTests" */;
			buildPhases = (
				F5008F3670FBB72CAF511E84 /* [CP] Check Pods Manifest.lock */,
				8ACFD67B1F44B72E008DF502 /* Sources */,
				8ACFD67C1F44B72E008DF502 /* Frameworks */,
				8ACFD67D1F44B72E008DF502 /* Resources */,
				F2704A935348E611895982B2 /* [CP] Embed Pods Frameworks */,
				428CA92FA220E102FDE32C73 /* [CP] Copy Pods Resources */,
			);
			buildRules = (
			);
			dependencies = (
				8ACFD6811F44B72E008DF502 /* PBXTargetDependency */,
			);
			name = FinalChallengeTests;
			productName = FinalChallengeTests;
			productReference = 8ACFD67F1F44B72E008DF502 /* FinalChallengeTests.xctest */;
			productType = "com.apple.product-type.bundle.unit-test";
		};
		8ACFD6891F44B72E008DF502 /* FinalChallengeUITests */ = {
			isa = PBXNativeTarget;
			buildConfigurationList = 8ACFD6991F44B72E008DF502 /* Build configuration list for PBXNativeTarget "FinalChallengeUITests" */;
			buildPhases = (
				9C723F4F7106BD616E45E41A /* [CP] Check Pods Manifest.lock */,
				8ACFD6861F44B72E008DF502 /* Sources */,
				8ACFD6871F44B72E008DF502 /* Frameworks */,
				8ACFD6881F44B72E008DF502 /* Resources */,
				D4A81EAB4EC91E470FAC4604 /* [CP] Embed Pods Frameworks */,
				E283173A1F172B67A26557E3 /* [CP] Copy Pods Resources */,
			);
			buildRules = (
			);
			dependencies = (
				8ACFD68C1F44B72E008DF502 /* PBXTargetDependency */,
			);
			name = FinalChallengeUITests;
			productName = FinalChallengeUITests;
			productReference = 8ACFD68A1F44B72E008DF502 /* FinalChallengeUITests.xctest */;
			productType = "com.apple.product-type.bundle.ui-testing";
		};
/* End PBXNativeTarget section */

/* Begin PBXProject section */
		8ACFD6631F44B72E008DF502 /* Project object */ = {
			isa = PBXProject;
			attributes = {
				LastSwiftUpdateCheck = 0830;
				LastUpgradeCheck = 0830;
				ORGANIZATIONNAME = "Andre Machado Parente";
				TargetAttributes = {
					8ACFD66A1F44B72E008DF502 = {
						CreatedOnToolsVersion = 8.3.3;
						DevelopmentTeam = C5676RKFWG;
						ProvisioningStyle = Automatic;
					};
					8ACFD67E1F44B72E008DF502 = {
						CreatedOnToolsVersion = 8.3.3;
						DevelopmentTeam = C5676RKFWG;
						ProvisioningStyle = Automatic;
						TestTargetID = 8ACFD66A1F44B72E008DF502;
					};
					8ACFD6891F44B72E008DF502 = {
						CreatedOnToolsVersion = 8.3.3;
						DevelopmentTeam = C5676RKFWG;
						ProvisioningStyle = Automatic;
						TestTargetID = 8ACFD66A1F44B72E008DF502;
					};
				};
			};
			buildConfigurationList = 8ACFD6661F44B72E008DF502 /* Build configuration list for PBXProject "FinalChallenge" */;
			compatibilityVersion = "Xcode 3.2";
			developmentRegion = English;
			hasScannedForEncodings = 0;
			knownRegions = (
				en,
				Base,
			);
			mainGroup = 8ACFD6621F44B72E008DF502;
			productRefGroup = 8ACFD66C1F44B72E008DF502 /* Products */;
			projectDirPath = "";
			projectRoot = "";
			targets = (
				8ACFD66A1F44B72E008DF502 /* FinalChallenge */,
				8ACFD67E1F44B72E008DF502 /* FinalChallengeTests */,
				8ACFD6891F44B72E008DF502 /* FinalChallengeUITests */,
			);
		};
/* End PBXProject section */

/* Begin PBXResourcesBuildPhase section */
		8ACFD6691F44B72E008DF502 /* Resources */ = {
			isa = PBXResourcesBuildPhase;
			buildActionMask = 2147483647;
			files = (
				8A1DA3F51FB5D93700989BAF /* Lato-BlackItalic.ttf in Resources */,
				8A40BC811F55C4D000A12EBA /* MiddleProfile.xib in Resources */,
				8A1DA3FC1FB5D93700989BAF /* Lato-Italic.ttf in Resources */,
				8A1DA3FD1FB5D93700989BAF /* Lato-Light.ttf in Resources */,
				8A1DA3F81FB5D93700989BAF /* Lato-Hairline.ttf in Resources */,
				8A1DA3F91FB5D93700989BAF /* Lato-HairlineItalic.ttf in Resources */,
				8AA615981F8BDA7900E54815 /* AddArtWorkHeader.xib in Resources */,
				8A1DA4011FB5D93700989BAF /* Lato-Regular.ttf in Resources */,
				8A3DF37F1F7C0DD500A59A05 /* ArtWorkCollectionViewCell.xib in Resources */,
				8A3DF38D1F7E682200A59A05 /* ProfileCollectionViewCell.xib in Resources */,
				8A1DA40C1FB5DDD900989BAF /* CategoryHeaderCollectionReusableView.xib in Resources */,
				8A1DA4001FB5D93700989BAF /* Lato-MediumItalic.ttf in Resources */,
				8A1DA4041FB5D93700989BAF /* Lato-Thin.ttf in Resources */,
				8A3DF3891F7E5D3400A59A05 /* CustomProfileHeaderCollectionReusableView.xib in Resources */,
				8ACFD6791F44B72E008DF502 /* LaunchScreen.storyboard in Resources */,
				8AB032871FA26737000CCBC0 /* ArtistTableViewCell.xib in Resources */,
				8A1DA4031FB5D93700989BAF /* Lato-SemiboldItalic.ttf in Resources */,
				8AD744F11F682F8B00DC0F75 /* Info.plist in Resources */,
				8A04659C1FA10EFB00516AD8 /* PictureCVC.xib in Resources */,
				8A1DA3FA1FB5D93700989BAF /* Lato-Heavy.ttf in Resources */,
				8A0465971FA10CEE00516AD8 /* AddArtWorkCategoriesCVC.xib in Resources */,
				8A1DA3F61FB5D93700989BAF /* Lato-Bold.ttf in Resources */,
				8A1DA3FB1FB5D93700989BAF /* Lato-HeavyItalic.ttf in Resources */,
				8A1DA4051FB5D93700989BAF /* Lato-ThinItalic.ttf in Resources */,
				8A1DA3F71FB5D93700989BAF /* Lato-BoldItalic.ttf in Resources */,
				8A1DA3F41FB5D93100989BAF /* Lato-Black.ttf in Resources */,
				8A40BC7D1F55BB8C00A12EBA /* HeaderProfile.xib in Resources */,
				8A9548FA1F56DF5F00FDA06A /* ArtistCollectionViewCell.xib in Resources */,
				8ACFD6761F44B72E008DF502 /* Assets.xcassets in Resources */,
				8A1DA4021FB5D93700989BAF /* Lato-Semibold.ttf in Resources */,
				8A9548EC1F55EB7500FDA06A /* CategoryCollectionViewCell.xib in Resources */,
				8ACFD6741F44B72E008DF502 /* Main.storyboard in Resources */,
				8A1DA3FF1FB5D93700989BAF /* Lato-Medium.ttf in Resources */,
				8AA615961F8BD46600E54815 /* AddArtWorkTableViewCell.xib in Resources */,
				8ACFD69D1F44E561008DF502 /* GoogleService-Info.plist in Resources */,
				8A1DA3FE1FB5D93700989BAF /* Lato-LightItalic.ttf in Resources */,
			);
			runOnlyForDeploymentPostprocessing = 0;
		};
		8ACFD67D1F44B72E008DF502 /* Resources */ = {
			isa = PBXResourcesBuildPhase;
			buildActionMask = 2147483647;
			files = (
				8ACFD69E1F44E561008DF502 /* GoogleService-Info.plist in Resources */,
			);
			runOnlyForDeploymentPostprocessing = 0;
		};
		8ACFD6881F44B72E008DF502 /* Resources */ = {
			isa = PBXResourcesBuildPhase;
			buildActionMask = 2147483647;
			files = (
				8ACFD69F1F44E561008DF502 /* GoogleService-Info.plist in Resources */,
			);
			runOnlyForDeploymentPostprocessing = 0;
		};
/* End PBXResourcesBuildPhase section */

/* Begin PBXShellScriptBuildPhase section */
		2EC3C917709A494DB71D5A6F /* [CP] Check Pods Manifest.lock */ = {
			isa = PBXShellScriptBuildPhase;
			buildActionMask = 2147483647;
			files = (
			);
			inputPaths = (
				"${PODS_PODFILE_DIR_PATH}/Podfile.lock",
				"${PODS_ROOT}/Manifest.lock",
			);
			name = "[CP] Check Pods Manifest.lock";
			outputPaths = (
				"$(DERIVED_FILE_DIR)/Pods-FinalChallenge-checkManifestLockResult.txt",
			);
			runOnlyForDeploymentPostprocessing = 0;
			shellPath = /bin/sh;
			shellScript = "diff \"${PODS_PODFILE_DIR_PATH}/Podfile.lock\" \"${PODS_ROOT}/Manifest.lock\" > /dev/null\nif [ $? != 0 ] ; then\n    # print error to STDERR\n    echo \"error: The sandbox is not in sync with the Podfile.lock. Run 'pod install' or update your CocoaPods installation.\" >&2\n    exit 1\nfi\n# This output is used by Xcode 'outputs' to avoid re-running this script phase.\necho \"SUCCESS\" > \"${SCRIPT_OUTPUT_FILE_0}\"\n";
			showEnvVarsInLog = 0;
		};
		428CA92FA220E102FDE32C73 /* [CP] Copy Pods Resources */ = {
			isa = PBXShellScriptBuildPhase;
			buildActionMask = 2147483647;
			files = (
			);
			inputPaths = (
			);
			name = "[CP] Copy Pods Resources";
			outputPaths = (
			);
			runOnlyForDeploymentPostprocessing = 0;
			shellPath = /bin/sh;
			shellScript = "\"${SRCROOT}/Pods/Target Support Files/Pods-FinalChallengeTests/Pods-FinalChallengeTests-resources.sh\"\n";
			showEnvVarsInLog = 0;
		};
		5F77BBC80D77816F2CA076FB /* [CP] Copy Pods Resources */ = {
			isa = PBXShellScriptBuildPhase;
			buildActionMask = 2147483647;
			files = (
			);
			inputPaths = (
			);
			name = "[CP] Copy Pods Resources";
			outputPaths = (
			);
			runOnlyForDeploymentPostprocessing = 0;
			shellPath = /bin/sh;
			shellScript = "\"${SRCROOT}/Pods/Target Support Files/Pods-FinalChallenge/Pods-FinalChallenge-resources.sh\"\n";
			showEnvVarsInLog = 0;
		};
		9C723F4F7106BD616E45E41A /* [CP] Check Pods Manifest.lock */ = {
			isa = PBXShellScriptBuildPhase;
			buildActionMask = 2147483647;
			files = (
			);
			inputPaths = (
				"${PODS_PODFILE_DIR_PATH}/Podfile.lock",
				"${PODS_ROOT}/Manifest.lock",
			);
			name = "[CP] Check Pods Manifest.lock";
			outputPaths = (
				"$(DERIVED_FILE_DIR)/Pods-FinalChallengeUITests-checkManifestLockResult.txt",
			);
			runOnlyForDeploymentPostprocessing = 0;
			shellPath = /bin/sh;
			shellScript = "diff \"${PODS_PODFILE_DIR_PATH}/Podfile.lock\" \"${PODS_ROOT}/Manifest.lock\" > /dev/null\nif [ $? != 0 ] ; then\n    # print error to STDERR\n    echo \"error: The sandbox is not in sync with the Podfile.lock. Run 'pod install' or update your CocoaPods installation.\" >&2\n    exit 1\nfi\n# This output is used by Xcode 'outputs' to avoid re-running this script phase.\necho \"SUCCESS\" > \"${SCRIPT_OUTPUT_FILE_0}\"\n";
			showEnvVarsInLog = 0;
		};
		D4A81EAB4EC91E470FAC4604 /* [CP] Embed Pods Frameworks */ = {
			isa = PBXShellScriptBuildPhase;
			buildActionMask = 2147483647;
			files = (
			);
			inputPaths = (
			);
			name = "[CP] Embed Pods Frameworks";
			outputPaths = (
			);
			runOnlyForDeploymentPostprocessing = 0;
			shellPath = /bin/sh;
			shellScript = "\"${SRCROOT}/Pods/Target Support Files/Pods-FinalChallengeUITests/Pods-FinalChallengeUITests-frameworks.sh\"\n";
			showEnvVarsInLog = 0;
		};
		E283173A1F172B67A26557E3 /* [CP] Copy Pods Resources */ = {
			isa = PBXShellScriptBuildPhase;
			buildActionMask = 2147483647;
			files = (
			);
			inputPaths = (
			);
			name = "[CP] Copy Pods Resources";
			outputPaths = (
			);
			runOnlyForDeploymentPostprocessing = 0;
			shellPath = /bin/sh;
			shellScript = "\"${SRCROOT}/Pods/Target Support Files/Pods-FinalChallengeUITests/Pods-FinalChallengeUITests-resources.sh\"\n";
			showEnvVarsInLog = 0;
		};
		E7BB01437BD89C6D61873901 /* [CP] Embed Pods Frameworks */ = {
			isa = PBXShellScriptBuildPhase;
			buildActionMask = 2147483647;
			files = (
			);
			inputPaths = (
				"${SRCROOT}/Pods/Target Support Files/Pods-FinalChallenge/Pods-FinalChallenge-frameworks.sh",
				"${BUILT_PRODUCTS_DIR}/ESTabBarController-swift/ESTabBarController_swift.framework",
				"${BUILT_PRODUCTS_DIR}/GTMSessionFetcher/GTMSessionFetcher.framework",
				"${BUILT_PRODUCTS_DIR}/GoogleToolboxForMac/GoogleToolboxForMac.framework",
				"${BUILT_PRODUCTS_DIR}/SJSegmentedScrollView/SJSegmentedScrollView.framework",
				"${BUILT_PRODUCTS_DIR}/iCarousel/iCarousel.framework",
				"${BUILT_PRODUCTS_DIR}/leveldb-library/leveldb.framework",
				"${BUILT_PRODUCTS_DIR}/nanopb/nanopb.framework",
			);
			name = "[CP] Embed Pods Frameworks";
			outputPaths = (
				"${TARGET_BUILD_DIR}/${FRAMEWORKS_FOLDER_PATH}/ESTabBarController_swift.framework",
				"${TARGET_BUILD_DIR}/${FRAMEWORKS_FOLDER_PATH}/GTMSessionFetcher.framework",
				"${TARGET_BUILD_DIR}/${FRAMEWORKS_FOLDER_PATH}/GoogleToolboxForMac.framework",
				"${TARGET_BUILD_DIR}/${FRAMEWORKS_FOLDER_PATH}/SJSegmentedScrollView.framework",
				"${TARGET_BUILD_DIR}/${FRAMEWORKS_FOLDER_PATH}/iCarousel.framework",
				"${TARGET_BUILD_DIR}/${FRAMEWORKS_FOLDER_PATH}/leveldb.framework",
				"${TARGET_BUILD_DIR}/${FRAMEWORKS_FOLDER_PATH}/nanopb.framework",
			);
			runOnlyForDeploymentPostprocessing = 0;
			shellPath = /bin/sh;
			shellScript = "\"${SRCROOT}/Pods/Target Support Files/Pods-FinalChallenge/Pods-FinalChallenge-frameworks.sh\"\n";
			showEnvVarsInLog = 0;
		};
		F2704A935348E611895982B2 /* [CP] Embed Pods Frameworks */ = {
			isa = PBXShellScriptBuildPhase;
			buildActionMask = 2147483647;
			files = (
			);
			inputPaths = (
			);
			name = "[CP] Embed Pods Frameworks";
			outputPaths = (
			);
			runOnlyForDeploymentPostprocessing = 0;
			shellPath = /bin/sh;
			shellScript = "\"${SRCROOT}/Pods/Target Support Files/Pods-FinalChallengeTests/Pods-FinalChallengeTests-frameworks.sh\"\n";
			showEnvVarsInLog = 0;
		};
		F5008F3670FBB72CAF511E84 /* [CP] Check Pods Manifest.lock */ = {
			isa = PBXShellScriptBuildPhase;
			buildActionMask = 2147483647;
			files = (
			);
			inputPaths = (
				"${PODS_PODFILE_DIR_PATH}/Podfile.lock",
				"${PODS_ROOT}/Manifest.lock",
			);
			name = "[CP] Check Pods Manifest.lock";
			outputPaths = (
				"$(DERIVED_FILE_DIR)/Pods-FinalChallengeTests-checkManifestLockResult.txt",
			);
			runOnlyForDeploymentPostprocessing = 0;
			shellPath = /bin/sh;
			shellScript = "diff \"${PODS_PODFILE_DIR_PATH}/Podfile.lock\" \"${PODS_ROOT}/Manifest.lock\" > /dev/null\nif [ $? != 0 ] ; then\n    # print error to STDERR\n    echo \"error: The sandbox is not in sync with the Podfile.lock. Run 'pod install' or update your CocoaPods installation.\" >&2\n    exit 1\nfi\n# This output is used by Xcode 'outputs' to avoid re-running this script phase.\necho \"SUCCESS\" > \"${SCRIPT_OUTPUT_FILE_0}\"\n";
			showEnvVarsInLog = 0;
		};
/* End PBXShellScriptBuildPhase section */

/* Begin PBXSourcesBuildPhase section */
		8ACFD6671F44B72E008DF502 /* Sources */ = {
			isa = PBXSourcesBuildPhase;
			buildActionMask = 2147483647;
			files = (
				8A40BC761F55B98A00A12EBA /* ProfileViewController.swift in Sources */,
				8A40BC7F1F55BD3400A12EBA /* HeaderProfile.swift in Sources */,
				8A9548E71F55E64800FDA06A /* CategoriesTableViewCell.swift in Sources */,
				267FF3D21FABD4A800C625CC /* Artist.swift in Sources */,
				8AD744F21F682F8B00DC0F75 /* IsaoTextField.swift in Sources */,
				8A3DF3911F87C77C00A59A05 /* AddArtWorkTVC.swift in Sources */,
				8A40BC781F55B9C700A12EBA /* SearchViewController.swift in Sources */,
				8A3DF3851F7E5A1F00A59A05 /* ProfileCollectionViewController.swift in Sources */,
				8A40BC741F55B96D00A12EBA /* HomeTVC.swift in Sources */,
				8A40BC7A1F55BA4200A12EBA /* InboxViewController.swift in Sources */,
				8A9548EB1F55EB7500FDA06A /* CategoryCollectionViewCell.swift in Sources */,
				8AB032861FA26737000CCBC0 /* ArtistTableViewCell.swift in Sources */,
				8A9548F91F56DF5F00FDA06A /* ArtistCollectionViewCell.swift in Sources */,
				8A04659B1FA10EFB00516AD8 /* PictureCVC.swift in Sources */,
				8AB0328A1FA3B82A000CCBC0 /* ArtistProfileViewController.swift in Sources */,
				8AD744F91F682F8B00DC0F75 /* YoshikoTextField.swift in Sources */,
				8A9548F41F56DECC00FDA06A /* ArtistsTableViewCell.swift in Sources */,
				8AD744F81F682F8B00DC0F75 /* YokoTextField.swift in Sources */,
				8A3DF3881F7E5D3400A59A05 /* CustomProfileHeaderCollectionReusableView.swift in Sources */,
				8A1DA40B1FB5DDD900989BAF /* CategoryHeaderCollectionReusableView.swift in Sources */,
				8AB032821FA266BB000CCBC0 /* ArtistsTVC.swift in Sources */,
				8AD744EF1F682F8B00DC0F75 /* AkiraTextField.swift in Sources */,
				8A3DF38C1F7E682200A59A05 /* ProfileCollectionViewCell.swift in Sources */,
				8AD744F51F682F8B00DC0F75 /* MadokaTextField.swift in Sources */,
				8A40BC721F55A26100A12EBA /* User.swift in Sources */,
				8A3DF3831F7C112E00A59A05 /* ProfileTableViewCell.swift in Sources */,
				8A40BC671F55945700A12EBA /* LoginViewController.swift in Sources */,
				8ACFD66F1F44B72E008DF502 /* AppDelegate.swift in Sources */,
				8A70BA151F6BF21D00BE9BE7 /* ArtWork.swift in Sources */,
				8A3DF37E1F7C0DD500A59A05 /* ArtWorkCollectionViewCell.swift in Sources */,
				8ACD5B871F601D850063162A /* FollowingViewController.swift in Sources */,
				8ACD5B861F601D850063162A /* LikesViewController.swift in Sources */,
				26C2B96A1F5CD1AB00666E8D /* DatabaseAccess.swift in Sources */,
				8A40BC831F55C76D00A12EBA /* MiddleProfile.swift in Sources */,
				8AA6159A1F8BDADA00E54815 /* AddArtWorkHeader.swift in Sources */,
				8A1DA4081FB5DDB700989BAF /* CategoryCollectionViewController.swift in Sources */,
				8AD744F71F682F8B00DC0F75 /* TextFieldEffects.swift in Sources */,
				8AD744F41F682F8B00DC0F75 /* KaedeTextField.swift in Sources */,
				8A40BC651F54A3C700A12EBA /* Gradients.swift in Sources */,
				8AD744F31F682F8B00DC0F75 /* JiroTextField.swift in Sources */,
				8A9548F11F560FA400FDA06A /* Extensions.swift in Sources */,
				8ACD5B891F601E760063162A /* ArtWorksViewController.swift in Sources */,
				8AD744F01F682F8B00DC0F75 /* HoshiTextField.swift in Sources */,
				8A0465961FA10CEE00516AD8 /* AddArtWorkCategoriesCVC.swift in Sources */,
				8AA615951F8BD46600E54815 /* AddArtWorkTableViewCell.swift in Sources */,
				8AD744F61F682F8B00DC0F75 /* MinoruTextField.swift in Sources */,
				8A1DA3DF1FB5D1F600989BAF /* FavoriteArtsTableViewCell.swift in Sources */,
			);
			runOnlyForDeploymentPostprocessing = 0;
		};
		8ACFD67B1F44B72E008DF502 /* Sources */ = {
			isa = PBXSourcesBuildPhase;
			buildActionMask = 2147483647;
			files = (
				8ACFD6841F44B72E008DF502 /* FinalChallengeTests.swift in Sources */,
			);
			runOnlyForDeploymentPostprocessing = 0;
		};
		8ACFD6861F44B72E008DF502 /* Sources */ = {
			isa = PBXSourcesBuildPhase;
			buildActionMask = 2147483647;
			files = (
				8ACFD68F1F44B72E008DF502 /* FinalChallengeUITests.swift in Sources */,
			);
			runOnlyForDeploymentPostprocessing = 0;
		};
/* End PBXSourcesBuildPhase section */

/* Begin PBXTargetDependency section */
		8ACFD6811F44B72E008DF502 /* PBXTargetDependency */ = {
			isa = PBXTargetDependency;
			target = 8ACFD66A1F44B72E008DF502 /* FinalChallenge */;
			targetProxy = 8ACFD6801F44B72E008DF502 /* PBXContainerItemProxy */;
		};
		8ACFD68C1F44B72E008DF502 /* PBXTargetDependency */ = {
			isa = PBXTargetDependency;
			target = 8ACFD66A1F44B72E008DF502 /* FinalChallenge */;
			targetProxy = 8ACFD68B1F44B72E008DF502 /* PBXContainerItemProxy */;
		};
/* End PBXTargetDependency section */

/* Begin PBXVariantGroup section */
		8ACFD6721F44B72E008DF502 /* Main.storyboard */ = {
			isa = PBXVariantGroup;
			children = (
				8ACFD6731F44B72E008DF502 /* Base */,
			);
			name = Main.storyboard;
			sourceTree = "<group>";
		};
		8ACFD6771F44B72E008DF502 /* LaunchScreen.storyboard */ = {
			isa = PBXVariantGroup;
			children = (
				8ACFD6781F44B72E008DF502 /* Base */,
			);
			name = LaunchScreen.storyboard;
			sourceTree = "<group>";
		};
/* End PBXVariantGroup section */

/* Begin XCBuildConfiguration section */
		8ACFD6911F44B72E008DF502 /* Debug */ = {
			isa = XCBuildConfiguration;
			buildSettings = {
				ALWAYS_SEARCH_USER_PATHS = NO;
				CLANG_ANALYZER_NONNULL = YES;
				CLANG_ANALYZER_NUMBER_OBJECT_CONVERSION = YES_AGGRESSIVE;
				CLANG_CXX_LANGUAGE_STANDARD = "gnu++0x";
				CLANG_CXX_LIBRARY = "libc++";
				CLANG_ENABLE_MODULES = YES;
				CLANG_ENABLE_OBJC_ARC = YES;
				CLANG_WARN_BOOL_CONVERSION = YES;
				CLANG_WARN_CONSTANT_CONVERSION = YES;
				CLANG_WARN_DIRECT_OBJC_ISA_USAGE = YES_ERROR;
				CLANG_WARN_DOCUMENTATION_COMMENTS = YES;
				CLANG_WARN_EMPTY_BODY = YES;
				CLANG_WARN_ENUM_CONVERSION = YES;
				CLANG_WARN_INFINITE_RECURSION = YES;
				CLANG_WARN_INT_CONVERSION = YES;
				CLANG_WARN_OBJC_ROOT_CLASS = YES_ERROR;
				CLANG_WARN_SUSPICIOUS_MOVE = YES;
				CLANG_WARN_UNREACHABLE_CODE = YES;
				CLANG_WARN__DUPLICATE_METHOD_MATCH = YES;
				"CODE_SIGN_IDENTITY[sdk=iphoneos*]" = "iPhone Developer";
				COPY_PHASE_STRIP = NO;
				DEBUG_INFORMATION_FORMAT = dwarf;
				ENABLE_STRICT_OBJC_MSGSEND = YES;
				ENABLE_TESTABILITY = YES;
				GCC_C_LANGUAGE_STANDARD = gnu99;
				GCC_DYNAMIC_NO_PIC = NO;
				GCC_NO_COMMON_BLOCKS = YES;
				GCC_OPTIMIZATION_LEVEL = 0;
				GCC_PREPROCESSOR_DEFINITIONS = (
					"DEBUG=1",
					"$(inherited)",
				);
				GCC_WARN_64_TO_32_BIT_CONVERSION = YES;
				GCC_WARN_ABOUT_RETURN_TYPE = YES_ERROR;
				GCC_WARN_UNDECLARED_SELECTOR = YES;
				GCC_WARN_UNINITIALIZED_AUTOS = YES_AGGRESSIVE;
				GCC_WARN_UNUSED_FUNCTION = YES;
				GCC_WARN_UNUSED_VARIABLE = YES;
				IPHONEOS_DEPLOYMENT_TARGET = 10.3;
				MTL_ENABLE_DEBUG_INFO = YES;
				ONLY_ACTIVE_ARCH = YES;
				SDKROOT = iphoneos;
				SWIFT_ACTIVE_COMPILATION_CONDITIONS = DEBUG;
				SWIFT_OPTIMIZATION_LEVEL = "-Onone";
			};
			name = Debug;
		};
		8ACFD6921F44B72E008DF502 /* Release */ = {
			isa = XCBuildConfiguration;
			buildSettings = {
				ALWAYS_SEARCH_USER_PATHS = NO;
				CLANG_ANALYZER_NONNULL = YES;
				CLANG_ANALYZER_NUMBER_OBJECT_CONVERSION = YES_AGGRESSIVE;
				CLANG_CXX_LANGUAGE_STANDARD = "gnu++0x";
				CLANG_CXX_LIBRARY = "libc++";
				CLANG_ENABLE_MODULES = YES;
				CLANG_ENABLE_OBJC_ARC = YES;
				CLANG_WARN_BOOL_CONVERSION = YES;
				CLANG_WARN_CONSTANT_CONVERSION = YES;
				CLANG_WARN_DIRECT_OBJC_ISA_USAGE = YES_ERROR;
				CLANG_WARN_DOCUMENTATION_COMMENTS = YES;
				CLANG_WARN_EMPTY_BODY = YES;
				CLANG_WARN_ENUM_CONVERSION = YES;
				CLANG_WARN_INFINITE_RECURSION = YES;
				CLANG_WARN_INT_CONVERSION = YES;
				CLANG_WARN_OBJC_ROOT_CLASS = YES_ERROR;
				CLANG_WARN_SUSPICIOUS_MOVE = YES;
				CLANG_WARN_UNREACHABLE_CODE = YES;
				CLANG_WARN__DUPLICATE_METHOD_MATCH = YES;
				"CODE_SIGN_IDENTITY[sdk=iphoneos*]" = "iPhone Developer";
				COPY_PHASE_STRIP = NO;
				DEBUG_INFORMATION_FORMAT = "dwarf-with-dsym";
				ENABLE_NS_ASSERTIONS = NO;
				ENABLE_STRICT_OBJC_MSGSEND = YES;
				GCC_C_LANGUAGE_STANDARD = gnu99;
				GCC_NO_COMMON_BLOCKS = YES;
				GCC_WARN_64_TO_32_BIT_CONVERSION = YES;
				GCC_WARN_ABOUT_RETURN_TYPE = YES_ERROR;
				GCC_WARN_UNDECLARED_SELECTOR = YES;
				GCC_WARN_UNINITIALIZED_AUTOS = YES_AGGRESSIVE;
				GCC_WARN_UNUSED_FUNCTION = YES;
				GCC_WARN_UNUSED_VARIABLE = YES;
				IPHONEOS_DEPLOYMENT_TARGET = 10.3;
				MTL_ENABLE_DEBUG_INFO = NO;
				SDKROOT = iphoneos;
				SWIFT_OPTIMIZATION_LEVEL = "-Owholemodule";
				VALIDATE_PRODUCT = YES;
			};
			name = Release;
		};
		8ACFD6941F44B72E008DF502 /* Debug */ = {
			isa = XCBuildConfiguration;
			baseConfigurationReference = 2FDDDB4C3A8ECC249F9178A1 /* Pods-FinalChallenge.debug.xcconfig */;
			buildSettings = {
				ASSETCATALOG_COMPILER_APPICON_NAME = AppIcon;
				DEVELOPMENT_TEAM = C5676RKFWG;
				FRAMEWORK_SEARCH_PATHS = (
					"$(inherited)",
					"$(PROJECT_DIR)/FinalChallenge",
				);
				INFOPLIST_FILE = FinalChallenge/Info.plist;
				IPHONEOS_DEPLOYMENT_TARGET = 10.2;
				LD_RUNPATH_SEARCH_PATHS = "$(inherited) @executable_path/Frameworks";
				PRODUCT_BUNDLE_IDENTIFIER = com.andremachadoparente.FinalChallenge;
				PRODUCT_NAME = "$(TARGET_NAME)";
				SWIFT_VERSION = 3.0;
			};
			name = Debug;
		};
		8ACFD6951F44B72E008DF502 /* Release */ = {
			isa = XCBuildConfiguration;
			baseConfigurationReference = FCD705B0A55EB2839B95FFF5 /* Pods-FinalChallenge.release.xcconfig */;
			buildSettings = {
				ASSETCATALOG_COMPILER_APPICON_NAME = AppIcon;
				DEVELOPMENT_TEAM = C5676RKFWG;
				FRAMEWORK_SEARCH_PATHS = (
					"$(inherited)",
					"$(PROJECT_DIR)/FinalChallenge",
				);
				INFOPLIST_FILE = FinalChallenge/Info.plist;
				IPHONEOS_DEPLOYMENT_TARGET = 10.2;
				LD_RUNPATH_SEARCH_PATHS = "$(inherited) @executable_path/Frameworks";
				PRODUCT_BUNDLE_IDENTIFIER = com.andremachadoparente.FinalChallenge;
				PRODUCT_NAME = "$(TARGET_NAME)";
				SWIFT_VERSION = 3.0;
			};
			name = Release;
		};
		8ACFD6971F44B72E008DF502 /* Debug */ = {
			isa = XCBuildConfiguration;
			baseConfigurationReference = 9F7DF13AA74C40E2F7FA05BA /* Pods-FinalChallengeTests.debug.xcconfig */;
			buildSettings = {
				ALWAYS_EMBED_SWIFT_STANDARD_LIBRARIES = YES;
				BUNDLE_LOADER = "$(TEST_HOST)";
				DEVELOPMENT_TEAM = C5676RKFWG;
				INFOPLIST_FILE = FinalChallengeTests/Info.plist;
				LD_RUNPATH_SEARCH_PATHS = "$(inherited) @executable_path/Frameworks @loader_path/Frameworks";
				PRODUCT_BUNDLE_IDENTIFIER = com.andremachadoparente.FinalChallengeTests;
				PRODUCT_NAME = "$(TARGET_NAME)";
				SWIFT_VERSION = 3.0;
				TEST_HOST = "$(BUILT_PRODUCTS_DIR)/FinalChallenge.app/FinalChallenge";
			};
			name = Debug;
		};
		8ACFD6981F44B72E008DF502 /* Release */ = {
			isa = XCBuildConfiguration;
			baseConfigurationReference = C09A94F0082074DDD7F1D47B /* Pods-FinalChallengeTests.release.xcconfig */;
			buildSettings = {
				ALWAYS_EMBED_SWIFT_STANDARD_LIBRARIES = YES;
				BUNDLE_LOADER = "$(TEST_HOST)";
				DEVELOPMENT_TEAM = C5676RKFWG;
				INFOPLIST_FILE = FinalChallengeTests/Info.plist;
				LD_RUNPATH_SEARCH_PATHS = "$(inherited) @executable_path/Frameworks @loader_path/Frameworks";
				PRODUCT_BUNDLE_IDENTIFIER = com.andremachadoparente.FinalChallengeTests;
				PRODUCT_NAME = "$(TARGET_NAME)";
				SWIFT_VERSION = 3.0;
				TEST_HOST = "$(BUILT_PRODUCTS_DIR)/FinalChallenge.app/FinalChallenge";
			};
			name = Release;
		};
		8ACFD69A1F44B72E008DF502 /* Debug */ = {
			isa = XCBuildConfiguration;
			baseConfigurationReference = 8EF6DBFB9453073E19BBF4FF /* Pods-FinalChallengeUITests.debug.xcconfig */;
			buildSettings = {
				ALWAYS_EMBED_SWIFT_STANDARD_LIBRARIES = YES;
				DEVELOPMENT_TEAM = C5676RKFWG;
				INFOPLIST_FILE = FinalChallengeUITests/Info.plist;
				LD_RUNPATH_SEARCH_PATHS = "$(inherited) @executable_path/Frameworks @loader_path/Frameworks";
				PRODUCT_BUNDLE_IDENTIFIER = com.andremachadoparente.FinalChallengeUITests;
				PRODUCT_NAME = "$(TARGET_NAME)";
				SWIFT_VERSION = 3.0;
				TEST_TARGET_NAME = FinalChallenge;
			};
			name = Debug;
		};
		8ACFD69B1F44B72E008DF502 /* Release */ = {
			isa = XCBuildConfiguration;
			baseConfigurationReference = 3C5BE2810165BEA7BFFBF385 /* Pods-FinalChallengeUITests.release.xcconfig */;
			buildSettings = {
				ALWAYS_EMBED_SWIFT_STANDARD_LIBRARIES = YES;
				DEVELOPMENT_TEAM = C5676RKFWG;
				INFOPLIST_FILE = FinalChallengeUITests/Info.plist;
				LD_RUNPATH_SEARCH_PATHS = "$(inherited) @executable_path/Frameworks @loader_path/Frameworks";
				PRODUCT_BUNDLE_IDENTIFIER = com.andremachadoparente.FinalChallengeUITests;
				PRODUCT_NAME = "$(TARGET_NAME)";
				SWIFT_VERSION = 3.0;
				TEST_TARGET_NAME = FinalChallenge;
			};
			name = Release;
		};
/* End XCBuildConfiguration section */

/* Begin XCConfigurationList section */
		8ACFD6661F44B72E008DF502 /* Build configuration list for PBXProject "FinalChallenge" */ = {
			isa = XCConfigurationList;
			buildConfigurations = (
				8ACFD6911F44B72E008DF502 /* Debug */,
				8ACFD6921F44B72E008DF502 /* Release */,
			);
			defaultConfigurationIsVisible = 0;
			defaultConfigurationName = Release;
		};
		8ACFD6931F44B72E008DF502 /* Build configuration list for PBXNativeTarget "FinalChallenge" */ = {
			isa = XCConfigurationList;
			buildConfigurations = (
				8ACFD6941F44B72E008DF502 /* Debug */,
				8ACFD6951F44B72E008DF502 /* Release */,
			);
			defaultConfigurationIsVisible = 0;
			defaultConfigurationName = Release;
		};
		8ACFD6961F44B72E008DF502 /* Build configuration list for PBXNativeTarget "FinalChallengeTests" */ = {
			isa = XCConfigurationList;
			buildConfigurations = (
				8ACFD6971F44B72E008DF502 /* Debug */,
				8ACFD6981F44B72E008DF502 /* Release */,
			);
			defaultConfigurationIsVisible = 0;
			defaultConfigurationName = Release;
		};
		8ACFD6991F44B72E008DF502 /* Build configuration list for PBXNativeTarget "FinalChallengeUITests" */ = {
			isa = XCConfigurationList;
			buildConfigurations = (
				8ACFD69A1F44B72E008DF502 /* Debug */,
				8ACFD69B1F44B72E008DF502 /* Release */,
			);
			defaultConfigurationIsVisible = 0;
			defaultConfigurationName = Release;
		};
/* End XCConfigurationList section */
	};
	rootObject = 8ACFD6631F44B72E008DF502 /* Project object */;
}
